// !$*UTF8*$!
{
	archiveVersion = 1;
	classes = {
	};
	objectVersion = 50;
	objects = {

/* Begin PBXBuildFile section */
		79603A7B24D6683F008411BC /* AddNewHabit.swift in Sources */ = {isa = PBXBuildFile; fileRef = 79603A7A24D6683F008411BC /* AddNewHabit.swift */; };
		79603A7D24D66E4C008411BC /* HabitView.swift in Sources */ = {isa = PBXBuildFile; fileRef = 79603A7C24D66E4C008411BC /* HabitView.swift */; };
		799AE7BF24D6632D0032E8A8 /* AppDelegate.swift in Sources */ = {isa = PBXBuildFile; fileRef = 799AE7BE24D6632D0032E8A8 /* AppDelegate.swift */; };
		799AE7C124D6632D0032E8A8 /* SceneDelegate.swift in Sources */ = {isa = PBXBuildFile; fileRef = 799AE7C024D6632D0032E8A8 /* SceneDelegate.swift */; };
		799AE7C524D6632F0032E8A8 /* Assets.xcassets in Resources */ = {isa = PBXBuildFile; fileRef = 799AE7C424D6632F0032E8A8 /* Assets.xcassets */; };
		799AE7C824D6632F0032E8A8 /* Preview Assets.xcassets in Resources */ = {isa = PBXBuildFile; fileRef = 799AE7C724D6632F0032E8A8 /* Preview Assets.xcassets */; };
		799AE7CB24D6632F0032E8A8 /* LaunchScreen.storyboard in Resources */ = {isa = PBXBuildFile; fileRef = 799AE7C924D6632F0032E8A8 /* LaunchScreen.storyboard */; };
		799AE7D824D663E90032E8A8 /* HabitTrackerView.swift in Sources */ = {isa = PBXBuildFile; fileRef = 799AE7D724D663E90032E8A8 /* HabitTrackerView.swift */; };
		799AE7DA24D664690032E8A8 /* HabitTracker+ViewModel.swift in Sources */ = {isa = PBXBuildFile; fileRef = 799AE7D924D664690032E8A8 /* HabitTracker+ViewModel.swift */; };
		799AE7DC24D664C10032E8A8 /* Habit.swift in Sources */ = {isa = PBXBuildFile; fileRef = 799AE7DB24D664C10032E8A8 /* Habit.swift */; };
/* End PBXBuildFile section */

/* Begin PBXFileReference section */
		79603A7A24D6683F008411BC /* AddNewHabit.swift */ = {isa = PBXFileReference; lastKnownFileType = sourcecode.swift; path = AddNewHabit.swift; sourceTree = "<group>"; };
		79603A7C24D66E4C008411BC /* HabitView.swift */ = {isa = PBXFileReference; lastKnownFileType = sourcecode.swift; path = HabitView.swift; sourceTree = "<group>"; };
		799AE7BB24D6632D0032E8A8 /* HabitTracker.app */ = {isa = PBXFileReference; explicitFileType = wrapper.application; includeInIndex = 0; path = HabitTracker.app; sourceTree = BUILT_PRODUCTS_DIR; };
		799AE7BE24D6632D0032E8A8 /* AppDelegate.swift */ = {isa = PBXFileReference; lastKnownFileType = sourcecode.swift; path = AppDelegate.swift; sourceTree = "<group>"; };
		799AE7C024D6632D0032E8A8 /* SceneDelegate.swift */ = {isa = PBXFileReference; lastKnownFileType = sourcecode.swift; path = SceneDelegate.swift; sourceTree = "<group>"; };
		799AE7C424D6632F0032E8A8 /* Assets.xcassets */ = {isa = PBXFileReference; lastKnownFileType = folder.assetcatalog; path = Assets.xcassets; sourceTree = "<group>"; };
		799AE7C724D6632F0032E8A8 /* Preview Assets.xcassets */ = {isa = PBXFileReference; lastKnownFileType = folder.assetcatalog; path = "Preview Assets.xcassets"; sourceTree = "<group>"; };
		799AE7CA24D6632F0032E8A8 /* Base */ = {isa = PBXFileReference; lastKnownFileType = file.storyboard; name = Base; path = Base.lproj/LaunchScreen.storyboard; sourceTree = "<group>"; };
		799AE7CC24D6632F0032E8A8 /* Info.plist */ = {isa = PBXFileReference; lastKnownFileType = text.plist.xml; path = Info.plist; sourceTree = "<group>"; };
		799AE7D724D663E90032E8A8 /* HabitTrackerView.swift */ = {isa = PBXFileReference; lastKnownFileType = sourcecode.swift; path = HabitTrackerView.swift; sourceTree = "<group>"; };
		799AE7D924D664690032E8A8 /* HabitTracker+ViewModel.swift */ = {isa = PBXFileReference; lastKnownFileType = sourcecode.swift; path = "HabitTracker+ViewModel.swift"; sourceTree = "<group>"; };
		799AE7DB24D664C10032E8A8 /* Habit.swift */ = {isa = PBXFileReference; lastKnownFileType = sourcecode.swift; path = Habit.swift; sourceTree = "<group>"; };
/* End PBXFileReference section */

/* Begin PBXFrameworksBuildPhase section */
		799AE7B824D6632D0032E8A8 /* Frameworks */ = {
			isa = PBXFrameworksBuildPhase;
			buildActionMask = 2147483647;
			files = (
			);
			runOnlyForDeploymentPostprocessing = 0;
		};
/* End PBXFrameworksBuildPhase section */

/* Begin PBXGroup section */
		799AE7B224D6632D0032E8A8 = {
			isa = PBXGroup;
			children = (
				799AE7BD24D6632D0032E8A8 /* HabitTracker */,
				799AE7BC24D6632D0032E8A8 /* Products */,
			);
			sourceTree = "<group>";
		};
		799AE7BC24D6632D0032E8A8 /* Products */ = {
			isa = PBXGroup;
			children = (
				799AE7BB24D6632D0032E8A8 /* HabitTracker.app */,
			);
			name = Products;
			sourceTree = "<group>";
		};
		799AE7BD24D6632D0032E8A8 /* HabitTracker */ = {
			isa = PBXGroup;
			children = (
				799AE7D724D663E90032E8A8 /* HabitTrackerView.swift */,
				799AE7D624D6637E0032E8A8 /* Views */,
				799AE7D524D6636D0032E8A8 /* ViewModels */,
				799AE7D424D663690032E8A8 /* Models */,
				799AE7D324D663510032E8A8 /* Supporting Files */,
				799AE7C424D6632F0032E8A8 /* Assets.xcassets */,
				799AE7C924D6632F0032E8A8 /* LaunchScreen.storyboard */,
				799AE7C624D6632F0032E8A8 /* Preview Content */,
			);
			path = HabitTracker;
			sourceTree = "<group>";
		};
		799AE7C624D6632F0032E8A8 /* Preview Content */ = {
			isa = PBXGroup;
			children = (
				799AE7C724D6632F0032E8A8 /* Preview Assets.xcassets */,
			);
			path = "Preview Content";
			sourceTree = "<group>";
		};
		799AE7D324D663510032E8A8 /* Supporting Files */ = {
			isa = PBXGroup;
			children = (
				799AE7CC24D6632F0032E8A8 /* Info.plist */,
				799AE7C024D6632D0032E8A8 /* SceneDelegate.swift */,
				799AE7BE24D6632D0032E8A8 /* AppDelegate.swift */,
			);
			name = "Supporting Files";
			sourceTree = "<group>";
		};
		799AE7D424D663690032E8A8 /* Models */ = {
			isa = PBXGroup;
			children = (
				799AE7DB24D664C10032E8A8 /* Habit.swift */,
			);
			path = Models;
			sourceTree = "<group>";
		};
		799AE7D524D6636D0032E8A8 /* ViewModels */ = {
			isa = PBXGroup;
			children = (
				799AE7D924D664690032E8A8 /* HabitTracker+ViewModel.swift */,
			);
			path = ViewModels;
			sourceTree = "<group>";
		};
		799AE7D624D6637E0032E8A8 /* Views */ = {
			isa = PBXGroup;
			children = (
				79603A7A24D6683F008411BC /* AddNewHabit.swift */,
				79603A7C24D66E4C008411BC /* HabitView.swift */,
			);
			path = Views;
			sourceTree = "<group>";
		};
/* End PBXGroup section */

/* Begin PBXNativeTarget section */
		799AE7BA24D6632D0032E8A8 /* HabitTracker */ = {
			isa = PBXNativeTarget;
			buildConfigurationList = 799AE7CF24D6632F0032E8A8 /* Build configuration list for PBXNativeTarget "HabitTracker" */;
			buildPhases = (
				799AE7B724D6632D0032E8A8 /* Sources */,
				799AE7B824D6632D0032E8A8 /* Frameworks */,
				799AE7B924D6632D0032E8A8 /* Resources */,
			);
			buildRules = (
			);
			dependencies = (
			);
			name = HabitTracker;
			productName = HabitTracker;
			productReference = 799AE7BB24D6632D0032E8A8 /* HabitTracker.app */;
			productType = "com.apple.product-type.application";
		};
/* End PBXNativeTarget section */

/* Begin PBXProject section */
		799AE7B324D6632D0032E8A8 /* Project object */ = {
			isa = PBXProject;
			attributes = {
				LastSwiftUpdateCheck = 1160;
				LastUpgradeCheck = 1160;
				ORGANIZATIONNAME = dperry.io;
				TargetAttributes = {
					799AE7BA24D6632D0032E8A8 = {
						CreatedOnToolsVersion = 11.6;
					};
				};
			};
			buildConfigurationList = 799AE7B624D6632D0032E8A8 /* Build configuration list for PBXProject "HabitTracker" */;
			compatibilityVersion = "Xcode 9.3";
			developmentRegion = en;
			hasScannedForEncodings = 0;
			knownRegions = (
				en,
				Base,
			);
			mainGroup = 799AE7B224D6632D0032E8A8;
			productRefGroup = 799AE7BC24D6632D0032E8A8 /* Products */;
			projectDirPath = "";
			projectRoot = "";
			targets = (
				799AE7BA24D6632D0032E8A8 /* HabitTracker */,
			);
		};
/* End PBXProject section */

/* Begin PBXResourcesBuildPhase section */
		799AE7B924D6632D0032E8A8 /* Resources */ = {
			isa = PBXResourcesBuildPhase;
			buildActionMask = 2147483647;
			files = (
				799AE7CB24D6632F0032E8A8 /* LaunchScreen.storyboard in Resources */,
				799AE7C824D6632F0032E8A8 /* Preview Assets.xcassets in Resources */,
				799AE7C524D6632F0032E8A8 /* Assets.xcassets in Resources */,
			);
			runOnlyForDeploymentPostprocessing = 0;
		};
/* End PBXResourcesBuildPhase section */

/* Begin PBXSourcesBuildPhase section */
		799AE7B724D6632D0032E8A8 /* Sources */ = {
			isa = PBXSourcesBuildPhase;
			buildActionMask = 2147483647;
			files = (
				799AE7D824D663E90032E8A8 /* HabitTrackerView.swift in Sources */,
				799AE7DC24D664C10032E8A8 /* Habit.swift in Sources */,
				799AE7BF24D6632D0032E8A8 /* AppDelegate.swift in Sources */,
				799AE7DA24D664690032E8A8 /* HabitTracker+ViewModel.swift in Sources */,
				79603A7D24D66E4C008411BC /* HabitView.swift in Sources */,
				799AE7C124D6632D0032E8A8 /* SceneDelegate.swift in Sources */,
				79603A7B24D6683F008411BC /* AddNewHabit.swift in Sources */,
			);
			runOnlyForDeploymentPostprocessing = 0;
		};
/* End PBXSourcesBuildPhase section */

/* Begin PBXVariantGroup section */
		799AE7C924D6632F0032E8A8 /* LaunchScreen.storyboard */ = {
			isa = PBXVariantGroup;
			children = (
				799AE7CA24D6632F0032E8A8 /* Base */,
			);
			name = LaunchScreen.storyboard;
			sourceTree = "<group>";
		};
/* End PBXVariantGroup section */

/* Begin XCBuildConfiguration section */
		799AE7CD24D6632F0032E8A8 /* Debug */ = {
			isa = XCBuildConfiguration;
			buildSettings = {
				ALWAYS_SEARCH_USER_PATHS = NO;
				CLANG_ANALYZER_NONNULL = YES;
				CLANG_ANALYZER_NUMBER_OBJECT_CONVERSION = YES_AGGRESSIVE;
				CLANG_CXX_LANGUAGE_STANDARD = "gnu++14";
				CLANG_CXX_LIBRARY = "libc++";
				CLANG_ENABLE_MODULES = YES;
				CLANG_ENABLE_OBJC_ARC = YES;
				CLANG_ENABLE_OBJC_WEAK = YES;
				CLANG_WARN_BLOCK_CAPTURE_AUTORELEASING = YES;
				CLANG_WARN_BOOL_CONVERSION = YES;
				CLANG_WARN_COMMA = YES;
				CLANG_WARN_CONSTANT_CONVERSION = YES;
				CLANG_WARN_DEPRECATED_OBJC_IMPLEMENTATIONS = YES;
				CLANG_WARN_DIRECT_OBJC_ISA_USAGE = YES_ERROR;
				CLANG_WARN_DOCUMENTATION_COMMENTS = YES;
				CLANG_WARN_EMPTY_BODY = YES;
				CLANG_WARN_ENUM_CONVERSION = YES;
				CLANG_WARN_INFINITE_RECURSION = YES;
				CLANG_WARN_INT_CONVERSION = YES;
				CLANG_WARN_NON_LITERAL_NULL_CONVERSION = YES;
				CLANG_WARN_OBJC_IMPLICIT_RETAIN_SELF = YES;
				CLANG_WARN_OBJC_LITERAL_CONVERSION = YES;
				CLANG_WARN_OBJC_ROOT_CLASS = YES_ERROR;
				CLANG_WARN_RANGE_LOOP_ANALYSIS = YES;
				CLANG_WARN_STRICT_PROTOTYPES = YES;
				CLANG_WARN_SUSPICIOUS_MOVE = YES;
				CLANG_WARN_UNGUARDED_AVAILABILITY = YES_AGGRESSIVE;
				CLANG_WARN_UNREACHABLE_CODE = YES;
				CLANG_WARN__DUPLICATE_METHOD_MATCH = YES;
				COPY_PHASE_STRIP = NO;
				DEBUG_INFORMATION_FORMAT = dwarf;
				ENABLE_STRICT_OBJC_MSGSEND = YES;
				ENABLE_TESTABILITY = YES;
				GCC_C_LANGUAGE_STANDARD = gnu11;
				GCC_DYNAMIC_NO_PIC = NO;
				GCC_NO_COMMON_BLOCKS = YES;
				GCC_OPTIMIZATION_LEVEL = 0;
				GCC_PREPROCESSOR_DEFINITIONS = (
					"DEBUG=1",
					"$(inherited)",
				);
				GCC_WARN_64_TO_32_BIT_CONVERSION = YES;
				GCC_WARN_ABOUT_RETURN_TYPE = YES_ERROR;
				GCC_WARN_UNDECLARED_SELECTOR = YES;
				GCC_WARN_UNINITIALIZED_AUTOS = YES_AGGRESSIVE;
				GCC_WARN_UNUSED_FUNCTION = YES;
				GCC_WARN_UNUSED_VARIABLE = YES;
				IPHONEOS_DEPLOYMENT_TARGET = 13.6;
				MTL_ENABLE_DEBUG_INFO = INCLUDE_SOURCE;
				MTL_FAST_MATH = YES;
				ONLY_ACTIVE_ARCH = YES;
				SDKROOT = iphoneos;
				SWIFT_ACTIVE_COMPILATION_CONDITIONS = DEBUG;
				SWIFT_OPTIMIZATION_LEVEL = "-Onone";
			};
			name = Debug;
		};
		799AE7CE24D6632F0032E8A8 /* Release */ = {
			isa = XCBuildConfiguration;
			buildSettings = {
				ALWAYS_SEARCH_USER_PATHS = NO;
				CLANG_ANALYZER_NONNULL = YES;
				CLANG_ANALYZER_NUMBER_OBJECT_CONVERSION = YES_AGGRESSIVE;
				CLANG_CXX_LANGUAGE_STANDARD = "gnu++14";
				CLANG_CXX_LIBRARY = "libc++";
				CLANG_ENABLE_MODULES = YES;
				CLANG_ENABLE_OBJC_ARC = YES;
				CLANG_ENABLE_OBJC_WEAK = YES;
				CLANG_WARN_BLOCK_CAPTURE_AUTORELEASING = YES;
				CLANG_WARN_BOOL_CONVERSION = YES;
				CLANG_WARN_COMMA = YES;
				CLANG_WARN_CONSTANT_CONVERSION = YES;
				CLANG_WARN_DEPRECATED_OBJC_IMPLEMENTATIONS = YES;
				CLANG_WARN_DIRECT_OBJC_ISA_USAGE = YES_ERROR;
				CLANG_WARN_DOCUMENTATION_COMMENTS = YES;
				CLANG_WARN_EMPTY_BODY = YES;
				CLANG_WARN_ENUM_CONVERSION = YES;
				CLANG_WARN_INFINITE_RECURSION = YES;
				CLANG_WARN_INT_CONVERSION = YES;
				CLANG_WARN_NON_LITERAL_NULL_CONVERSION = YES;
				CLANG_WARN_OBJC_IMPLICIT_RETAIN_SELF = YES;
				CLANG_WARN_OBJC_LITERAL_CONVERSION = YES;
				CLANG_WARN_OBJC_ROOT_CLASS = YES_ERROR;
				CLANG_WARN_RANGE_LOOP_ANALYSIS = YES;
				CLANG_WARN_STRICT_PROTOTYPES = YES;
				CLANG_WARN_SUSPICIOUS_MOVE = YES;
				CLANG_WARN_UNGUARDED_AVAILABILITY = YES_AGGRESSIVE;
				CLANG_WARN_UNREACHABLE_CODE = YES;
				CLANG_WARN__DUPLICATE_METHOD_MATCH = YES;
				COPY_PHASE_STRIP = NO;
				DEBUG_INFORMATION_FORMAT = "dwarf-with-dsym";
				ENABLE_NS_ASSERTIONS = NO;
				ENABLE_STRICT_OBJC_MSGSEND = YES;
				GCC_C_LANGUAGE_STANDARD = gnu11;
				GCC_NO_COMMON_BLOCKS = YES;
				GCC_WARN_64_TO_32_BIT_CONVERSION = YES;
				GCC_WARN_ABOUT_RETURN_TYPE = YES_ERROR;
				GCC_WARN_UNDECLARED_SELECTOR = YES;
				GCC_WARN_UNINITIALIZED_AUTOS = YES_AGGRESSIVE;
				GCC_WARN_UNUSED_FUNCTION = YES;
				GCC_WARN_UNUSED_VARIABLE = YES;
				IPHONEOS_DEPLOYMENT_TARGET = 13.6;
				MTL_ENABLE_DEBUG_INFO = NO;
				MTL_FAST_MATH = YES;
				SDKROOT = iphoneos;
				SWIFT_COMPILATION_MODE = wholemodule;
				SWIFT_OPTIMIZATION_LEVEL = "-O";
				VALIDATE_PRODUCT = YES;
			};
			name = Release;
		};
		799AE7D024D6632F0032E8A8 /* Debug */ = {
			isa = XCBuildConfiguration;
			buildSettings = {
				ASSETCATALOG_COMPILER_APPICON_NAME = AppIcon;
				CODE_SIGN_STYLE = Automatic;
				DEVELOPMENT_ASSET_PATHS = "\"HabitTracker/Preview Content\"";
				DEVELOPMENT_TEAM = 483776HNJ4;
				ENABLE_PREVIEWS = YES;
				INFOPLIST_FILE = HabitTracker/Info.plist;
				LD_RUNPATH_SEARCH_PATHS = (
					"$(inherited)",
					"@executable_path/Frameworks",
				);
				PRODUCT_BUNDLE_IDENTIFIER = io.dperry.HabitTracker;
				PRODUCT_NAME = "$(TARGET_NAME)";
				SWIFT_VERSION = 5.0;
				TARGETED_DEVICE_FAMILY = "1,2";
			};
			name = Debug;
		};
		799AE7D124D6632F0032E8A8 /* Release */ = {
			isa = XCBuildConfiguration;
			buildSettings = {
				ASSETCATALOG_COMPILER_APPICON_NAME = AppIcon;
				CODE_SIGN_STYLE = Automatic;
				DEVELOPMENT_ASSET_PATHS = "\"HabitTracker/Preview Content\"";
				DEVELOPMENT_TEAM = 483776HNJ4;
				ENABLE_PREVIEWS = YES;
				INFOPLIST_FILE = HabitTracker/Info.plist;
				LD_RUNPATH_SEARCH_PATHS = (
					"$(inherited)",
					"@executable_path/Frameworks",
				);
				PRODUCT_BUNDLE_IDENTIFIER = io.dperry.HabitTracker;
				PRODUCT_NAME = "$(TARGET_NAME)";
				SWIFT_VERSION = 5.0;
				TARGETED_DEVICE_FAMILY = "1,2";
			};
			name = Release;
		};
/* End XCBuildConfiguration section */

/* Begin XCConfigurationList section */
		799AE7B624D6632D0032E8A8 /* Build configuration list for PBXProject "HabitTracker" */ = {
			isa = XCConfigurationList;
			buildConfigurations = (
				799AE7CD24D6632F0032E8A8 /* Debug */,
				799AE7CE24D6632F0032E8A8 /* Release */,
			);
			defaultConfigurationIsVisible = 0;
			defaultConfigurationName = Release;
		};
		799AE7CF24D6632F0032E8A8 /* Build configuration list for PBXNativeTarget "HabitTracker" */ = {
			isa = XCConfigurationList;
			buildConfigurations = (
				799AE7D024D6632F0032E8A8 /* Debug */,
				799AE7D124D6632F0032E8A8 /* Release */,
			);
			defaultConfigurationIsVisible = 0;
			defaultConfigurationName = Release;
		};
/* End XCConfigurationList section */
	};
	rootObject = 799AE7B324D6632D0032E8A8 /* Project object */;
}
