// !$*UTF8*$!
{
	archiveVersion = 1;
	classes = {
	};
	objectVersion = 50;
	objects = {

/* Begin PBXBuildFile section */
		799DE80524A12C6C009CDEB5 /* AppDelegate.swift in Sources */ = {isa = PBXBuildFile; fileRef = 799DE80424A12C6C009CDEB5 /* AppDelegate.swift */; };
		799DE80724A12C6C009CDEB5 /* SceneDelegate.swift in Sources */ = {isa = PBXBuildFile; fileRef = 799DE80624A12C6C009CDEB5 /* SceneDelegate.swift */; };
		799DE80924A12C6C009CDEB5 /* ContentView.swift in Sources */ = {isa = PBXBuildFile; fileRef = 799DE80824A12C6C009CDEB5 /* ContentView.swift */; };
		799DE80B24A12C6E009CDEB5 /* Assets.xcassets in Resources */ = {isa = PBXBuildFile; fileRef = 799DE80A24A12C6E009CDEB5 /* Assets.xcassets */; };
		799DE80E24A12C6E009CDEB5 /* Preview Assets.xcassets in Resources */ = {isa = PBXBuildFile; fileRef = 799DE80D24A12C6E009CDEB5 /* Preview Assets.xcassets */; };
		799DE81124A12C6E009CDEB5 /* LaunchScreen.storyboard in Resources */ = {isa = PBXBuildFile; fileRef = 799DE80F24A12C6E009CDEB5 /* LaunchScreen.storyboard */; };
		799DE81924A12C9E009CDEB5 /* ListView.swift in Sources */ = {isa = PBXBuildFile; fileRef = 799DE81824A12C9E009CDEB5 /* ListView.swift */; };
		799DE81B24A12E45009CDEB5 /* WordScramble.swift in Sources */ = {isa = PBXBuildFile; fileRef = 799DE81A24A12E45009CDEB5 /* WordScramble.swift */; };
		799DE81D24A13B80009CDEB5 /* start.txt in Resources */ = {isa = PBXBuildFile; fileRef = 799DE81C24A13B80009CDEB5 /* start.txt */; };
/* End PBXBuildFile section */

/* Begin PBXFileReference section */
		799DE80124A12C6C009CDEB5 /* Word Scramble.app */ = {isa = PBXFileReference; explicitFileType = wrapper.application; includeInIndex = 0; path = "Word Scramble.app"; sourceTree = BUILT_PRODUCTS_DIR; };
		799DE80424A12C6C009CDEB5 /* AppDelegate.swift */ = {isa = PBXFileReference; lastKnownFileType = sourcecode.swift; path = AppDelegate.swift; sourceTree = "<group>"; };
		799DE80624A12C6C009CDEB5 /* SceneDelegate.swift */ = {isa = PBXFileReference; lastKnownFileType = sourcecode.swift; path = SceneDelegate.swift; sourceTree = "<group>"; };
		799DE80824A12C6C009CDEB5 /* ContentView.swift */ = {isa = PBXFileReference; lastKnownFileType = sourcecode.swift; path = ContentView.swift; sourceTree = "<group>"; };
		799DE80A24A12C6E009CDEB5 /* Assets.xcassets */ = {isa = PBXFileReference; lastKnownFileType = folder.assetcatalog; path = Assets.xcassets; sourceTree = "<group>"; };
		799DE80D24A12C6E009CDEB5 /* Preview Assets.xcassets */ = {isa = PBXFileReference; lastKnownFileType = folder.assetcatalog; path = "Preview Assets.xcassets"; sourceTree = "<group>"; };
		799DE81024A12C6E009CDEB5 /* Base */ = {isa = PBXFileReference; lastKnownFileType = file.storyboard; name = Base; path = Base.lproj/LaunchScreen.storyboard; sourceTree = "<group>"; };
		799DE81224A12C6E009CDEB5 /* Info.plist */ = {isa = PBXFileReference; lastKnownFileType = text.plist.xml; path = Info.plist; sourceTree = "<group>"; };
		799DE81824A12C9E009CDEB5 /* ListView.swift */ = {isa = PBXFileReference; lastKnownFileType = sourcecode.swift; path = ListView.swift; sourceTree = "<group>"; };
		799DE81A24A12E45009CDEB5 /* WordScramble.swift */ = {isa = PBXFileReference; lastKnownFileType = sourcecode.swift; path = WordScramble.swift; sourceTree = "<group>"; };
		799DE81C24A13B80009CDEB5 /* start.txt */ = {isa = PBXFileReference; lastKnownFileType = text; path = start.txt; sourceTree = "<group>"; };
/* End PBXFileReference section */

/* Begin PBXFrameworksBuildPhase section */
		799DE7FE24A12C6C009CDEB5 /* Frameworks */ = {
			isa = PBXFrameworksBuildPhase;
			buildActionMask = 2147483647;
			files = (
			);
			runOnlyForDeploymentPostprocessing = 0;
		};
/* End PBXFrameworksBuildPhase section */

/* Begin PBXGroup section */
		799DE7F824A12C6C009CDEB5 = {
			isa = PBXGroup;
			children = (
				799DE80324A12C6C009CDEB5 /* Word Scramble */,
				799DE80224A12C6C009CDEB5 /* Products */,
			);
			sourceTree = "<group>";
		};
		799DE80224A12C6C009CDEB5 /* Products */ = {
			isa = PBXGroup;
			children = (
				799DE80124A12C6C009CDEB5 /* Word Scramble.app */,
			);
			name = Products;
			sourceTree = "<group>";
		};
		799DE80324A12C6C009CDEB5 /* Word Scramble */ = {
			isa = PBXGroup;
			children = (
				799DE81C24A13B80009CDEB5 /* start.txt */,
				799DE81824A12C9E009CDEB5 /* ListView.swift */,
				799DE81A24A12E45009CDEB5 /* WordScramble.swift */,
				799DE80424A12C6C009CDEB5 /* AppDelegate.swift */,
				799DE80624A12C6C009CDEB5 /* SceneDelegate.swift */,
				799DE80824A12C6C009CDEB5 /* ContentView.swift */,
				799DE80A24A12C6E009CDEB5 /* Assets.xcassets */,
				799DE80F24A12C6E009CDEB5 /* LaunchScreen.storyboard */,
				799DE81224A12C6E009CDEB5 /* Info.plist */,
				799DE80C24A12C6E009CDEB5 /* Preview Content */,
			);
			path = "Word Scramble";
			sourceTree = "<group>";
		};
		799DE80C24A12C6E009CDEB5 /* Preview Content */ = {
			isa = PBXGroup;
			children = (
				799DE80D24A12C6E009CDEB5 /* Preview Assets.xcassets */,
			);
			path = "Preview Content";
			sourceTree = "<group>";
		};
/* End PBXGroup section */

/* Begin PBXNativeTarget section */
		799DE80024A12C6C009CDEB5 /* Word Scramble */ = {
			isa = PBXNativeTarget;
			buildConfigurationList = 799DE81524A12C6E009CDEB5 /* Build configuration list for PBXNativeTarget "Word Scramble" */;
			buildPhases = (
				799DE7FD24A12C6C009CDEB5 /* Sources */,
				799DE7FE24A12C6C009CDEB5 /* Frameworks */,
				799DE7FF24A12C6C009CDEB5 /* Resources */,
			);
			buildRules = (
			);
			dependencies = (
			);
			name = "Word Scramble";
			productName = "Word Scramble";
			productReference = 799DE80124A12C6C009CDEB5 /* Word Scramble.app */;
			productType = "com.apple.product-type.application";
		};
/* End PBXNativeTarget section */

/* Begin PBXProject section */
		799DE7F924A12C6C009CDEB5 /* Project object */ = {
			isa = PBXProject;
			attributes = {
				LastSwiftUpdateCheck = 1140;
				LastUpgradeCheck = 1140;
				ORGANIZATIONNAME = dperry.io;
				TargetAttributes = {
					799DE80024A12C6C009CDEB5 = {
						CreatedOnToolsVersion = 11.4.1;
					};
				};
			};
			buildConfigurationList = 799DE7FC24A12C6C009CDEB5 /* Build configuration list for PBXProject "Word Scramble" */;
			compatibilityVersion = "Xcode 9.3";
			developmentRegion = en;
			hasScannedForEncodings = 0;
			knownRegions = (
				en,
				Base,
			);
			mainGroup = 799DE7F824A12C6C009CDEB5;
			productRefGroup = 799DE80224A12C6C009CDEB5 /* Products */;
			projectDirPath = "";
			projectRoot = "";
			targets = (
				799DE80024A12C6C009CDEB5 /* Word Scramble */,
			);
		};
/* End PBXProject section */

/* Begin PBXResourcesBuildPhase section */
		799DE7FF24A12C6C009CDEB5 /* Resources */ = {
			isa = PBXResourcesBuildPhase;
			buildActionMask = 2147483647;
			files = (
				799DE81124A12C6E009CDEB5 /* LaunchScreen.storyboard in Resources */,
				799DE81D24A13B80009CDEB5 /* start.txt in Resources */,
				799DE80E24A12C6E009CDEB5 /* Preview Assets.xcassets in Resources */,
				799DE80B24A12C6E009CDEB5 /* Assets.xcassets in Resources */,
			);
			runOnlyForDeploymentPostprocessing = 0;
		};
/* End PBXResourcesBuildPhase section */

/* Begin PBXSourcesBuildPhase section */
		799DE7FD24A12C6C009CDEB5 /* Sources */ = {
			isa = PBXSourcesBuildPhase;
			buildActionMask = 2147483647;
			files = (
				799DE81B24A12E45009CDEB5 /* WordScramble.swift in Sources */,
				799DE81924A12C9E009CDEB5 /* ListView.swift in Sources */,
				799DE80524A12C6C009CDEB5 /* AppDelegate.swift in Sources */,
				799DE80724A12C6C009CDEB5 /* SceneDelegate.swift in Sources */,
				799DE80924A12C6C009CDEB5 /* ContentView.swift in Sources */,
			);
			runOnlyForDeploymentPostprocessing = 0;
		};
/* End PBXSourcesBuildPhase section */

/* Begin PBXVariantGroup section */
		799DE80F24A12C6E009CDEB5 /* LaunchScreen.storyboard */ = {
			isa = PBXVariantGroup;
			children = (
				799DE81024A12C6E009CDEB5 /* Base */,
			);
			name = LaunchScreen.storyboard;
			sourceTree = "<group>";
		};
/* End PBXVariantGroup section */

/* Begin XCBuildConfiguration section */
		799DE81324A12C6E009CDEB5 /* Debug */ = {
			isa = XCBuildConfiguration;
			buildSettings = {
				ALWAYS_SEARCH_USER_PATHS = NO;
				CLANG_ANALYZER_NONNULL = YES;
				CLANG_ANALYZER_NUMBER_OBJECT_CONVERSION = YES_AGGRESSIVE;
				CLANG_CXX_LANGUAGE_STANDARD = "gnu++14";
				CLANG_CXX_LIBRARY = "libc++";
				CLANG_ENABLE_MODULES = YES;
				CLANG_ENABLE_OBJC_ARC = YES;
				CLANG_ENABLE_OBJC_WEAK = YES;
				CLANG_WARN_BLOCK_CAPTURE_AUTORELEASING = YES;
				CLANG_WARN_BOOL_CONVERSION = YES;
				CLANG_WARN_COMMA = YES;
				CLANG_WARN_CONSTANT_CONVERSION = YES;
				CLANG_WARN_DEPRECATED_OBJC_IMPLEMENTATIONS = YES;
				CLANG_WARN_DIRECT_OBJC_ISA_USAGE = YES_ERROR;
				CLANG_WARN_DOCUMENTATION_COMMENTS = YES;
				CLANG_WARN_EMPTY_BODY = YES;
				CLANG_WARN_ENUM_CONVERSION = YES;
				CLANG_WARN_INFINITE_RECURSION = YES;
				CLANG_WARN_INT_CONVERSION = YES;
				CLANG_WARN_NON_LITERAL_NULL_CONVERSION = YES;
				CLANG_WARN_OBJC_IMPLICIT_RETAIN_SELF = YES;
				CLANG_WARN_OBJC_LITERAL_CONVERSION = YES;
				CLANG_WARN_OBJC_ROOT_CLASS = YES_ERROR;
				CLANG_WARN_RANGE_LOOP_ANALYSIS = YES;
				CLANG_WARN_STRICT_PROTOTYPES = YES;
				CLANG_WARN_SUSPICIOUS_MOVE = YES;
				CLANG_WARN_UNGUARDED_AVAILABILITY = YES_AGGRESSIVE;
				CLANG_WARN_UNREACHABLE_CODE = YES;
				CLANG_WARN__DUPLICATE_METHOD_MATCH = YES;
				COPY_PHASE_STRIP = NO;
				DEBUG_INFORMATION_FORMAT = dwarf;
				ENABLE_STRICT_OBJC_MSGSEND = YES;
				ENABLE_TESTABILITY = YES;
				GCC_C_LANGUAGE_STANDARD = gnu11;
				GCC_DYNAMIC_NO_PIC = NO;
				GCC_NO_COMMON_BLOCKS = YES;
				GCC_OPTIMIZATION_LEVEL = 0;
				GCC_PREPROCESSOR_DEFINITIONS = (
					"DEBUG=1",
					"$(inherited)",
				);
				GCC_WARN_64_TO_32_BIT_CONVERSION = YES;
				GCC_WARN_ABOUT_RETURN_TYPE = YES_ERROR;
				GCC_WARN_UNDECLARED_SELECTOR = YES;
				GCC_WARN_UNINITIALIZED_AUTOS = YES_AGGRESSIVE;
				GCC_WARN_UNUSED_FUNCTION = YES;
				GCC_WARN_UNUSED_VARIABLE = YES;
				IPHONEOS_DEPLOYMENT_TARGET = 13.4;
				MTL_ENABLE_DEBUG_INFO = INCLUDE_SOURCE;
				MTL_FAST_MATH = YES;
				ONLY_ACTIVE_ARCH = YES;
				SDKROOT = iphoneos;
				SWIFT_ACTIVE_COMPILATION_CONDITIONS = DEBUG;
				SWIFT_OPTIMIZATION_LEVEL = "-Onone";
			};
			name = Debug;
		};
		799DE81424A12C6E009CDEB5 /* Release */ = {
			isa = XCBuildConfiguration;
			buildSettings = {
				ALWAYS_SEARCH_USER_PATHS = NO;
				CLANG_ANALYZER_NONNULL = YES;
				CLANG_ANALYZER_NUMBER_OBJECT_CONVERSION = YES_AGGRESSIVE;
				CLANG_CXX_LANGUAGE_STANDARD = "gnu++14";
				CLANG_CXX_LIBRARY = "libc++";
				CLANG_ENABLE_MODULES = YES;
				CLANG_ENABLE_OBJC_ARC = YES;
				CLANG_ENABLE_OBJC_WEAK = YES;
				CLANG_WARN_BLOCK_CAPTURE_AUTORELEASING = YES;
				CLANG_WARN_BOOL_CONVERSION = YES;
				CLANG_WARN_COMMA = YES;
				CLANG_WARN_CONSTANT_CONVERSION = YES;
				CLANG_WARN_DEPRECATED_OBJC_IMPLEMENTATIONS = YES;
				CLANG_WARN_DIRECT_OBJC_ISA_USAGE = YES_ERROR;
				CLANG_WARN_DOCUMENTATION_COMMENTS = YES;
				CLANG_WARN_EMPTY_BODY = YES;
				CLANG_WARN_ENUM_CONVERSION = YES;
				CLANG_WARN_INFINITE_RECURSION = YES;
				CLANG_WARN_INT_CONVERSION = YES;
				CLANG_WARN_NON_LITERAL_NULL_CONVERSION = YES;
				CLANG_WARN_OBJC_IMPLICIT_RETAIN_SELF = YES;
				CLANG_WARN_OBJC_LITERAL_CONVERSION = YES;
				CLANG_WARN_OBJC_ROOT_CLASS = YES_ERROR;
				CLANG_WARN_RANGE_LOOP_ANALYSIS = YES;
				CLANG_WARN_STRICT_PROTOTYPES = YES;
				CLANG_WARN_SUSPICIOUS_MOVE = YES;
				CLANG_WARN_UNGUARDED_AVAILABILITY = YES_AGGRESSIVE;
				CLANG_WARN_UNREACHABLE_CODE = YES;
				CLANG_WARN__DUPLICATE_METHOD_MATCH = YES;
				COPY_PHASE_STRIP = NO;
				DEBUG_INFORMATION_FORMAT = "dwarf-with-dsym";
				ENABLE_NS_ASSERTIONS = NO;
				ENABLE_STRICT_OBJC_MSGSEND = YES;
				GCC_C_LANGUAGE_STANDARD = gnu11;
				GCC_NO_COMMON_BLOCKS = YES;
				GCC_WARN_64_TO_32_BIT_CONVERSION = YES;
				GCC_WARN_ABOUT_RETURN_TYPE = YES_ERROR;
				GCC_WARN_UNDECLARED_SELECTOR = YES;
				GCC_WARN_UNINITIALIZED_AUTOS = YES_AGGRESSIVE;
				GCC_WARN_UNUSED_FUNCTION = YES;
				GCC_WARN_UNUSED_VARIABLE = YES;
				IPHONEOS_DEPLOYMENT_TARGET = 13.4;
				MTL_ENABLE_DEBUG_INFO = NO;
				MTL_FAST_MATH = YES;
				SDKROOT = iphoneos;
				SWIFT_COMPILATION_MODE = wholemodule;
				SWIFT_OPTIMIZATION_LEVEL = "-O";
				VALIDATE_PRODUCT = YES;
			};
			name = Release;
		};
		799DE81624A12C6E009CDEB5 /* Debug */ = {
			isa = XCBuildConfiguration;
			buildSettings = {
				ASSETCATALOG_COMPILER_APPICON_NAME = AppIcon;
				CODE_SIGN_STYLE = Automatic;
				DEVELOPMENT_ASSET_PATHS = "\"Word Scramble/Preview Content\"";
				DEVELOPMENT_TEAM = 483776HNJ4;
				ENABLE_PREVIEWS = YES;
				INFOPLIST_FILE = "Word Scramble/Info.plist";
				LD_RUNPATH_SEARCH_PATHS = (
					"$(inherited)",
					"@executable_path/Frameworks",
				);
				PRODUCT_BUNDLE_IDENTIFIER = "io.dperry.Word-Scramble";
				PRODUCT_NAME = "$(TARGET_NAME)";
				SWIFT_VERSION = 5.0;
				TARGETED_DEVICE_FAMILY = "1,2";
			};
			name = Debug;
		};
		799DE81724A12C6E009CDEB5 /* Release */ = {
			isa = XCBuildConfiguration;
			buildSettings = {
				ASSETCATALOG_COMPILER_APPICON_NAME = AppIcon;
				CODE_SIGN_STYLE = Automatic;
				DEVELOPMENT_ASSET_PATHS = "\"Word Scramble/Preview Content\"";
				DEVELOPMENT_TEAM = 483776HNJ4;
				ENABLE_PREVIEWS = YES;
				INFOPLIST_FILE = "Word Scramble/Info.plist";
				LD_RUNPATH_SEARCH_PATHS = (
					"$(inherited)",
					"@executable_path/Frameworks",
				);
				PRODUCT_BUNDLE_IDENTIFIER = "io.dperry.Word-Scramble";
				PRODUCT_NAME = "$(TARGET_NAME)";
				SWIFT_VERSION = 5.0;
				TARGETED_DEVICE_FAMILY = "1,2";
			};
			name = Release;
		};
/* End XCBuildConfiguration section */

/* Begin XCConfigurationList section */
		799DE7FC24A12C6C009CDEB5 /* Build configuration list for PBXProject "Word Scramble" */ = {
			isa = XCConfigurationList;
			buildConfigurations = (
				799DE81324A12C6E009CDEB5 /* Debug */,
				799DE81424A12C6E009CDEB5 /* Release */,
			);
			defaultConfigurationIsVisible = 0;
			defaultConfigurationName = Release;
		};
		799DE81524A12C6E009CDEB5 /* Build configuration list for PBXNativeTarget "Word Scramble" */ = {
			isa = XCConfigurationList;
			buildConfigurations = (
				799DE81624A12C6E009CDEB5 /* Debug */,
				799DE81724A12C6E009CDEB5 /* Release */,
			);
			defaultConfigurationIsVisible = 0;
			defaultConfigurationName = Release;
		};
/* End XCConfigurationList section */
	};
	rootObject = 799DE7F924A12C6C009CDEB5 /* Project object */;
}
