// !$*UTF8*$!
{
	archiveVersion = 1;
	classes = {
	};
	objectVersion = 50;
	objects = {

/* Begin PBXBuildFile section */
		79B821AA248F308A00A3649D /* AppDelegate.swift in Sources */ = {isa = PBXBuildFile; fileRef = 79B821A9248F308A00A3649D /* AppDelegate.swift */; };
		79B821AC248F308A00A3649D /* SceneDelegate.swift in Sources */ = {isa = PBXBuildFile; fileRef = 79B821AB248F308A00A3649D /* SceneDelegate.swift */; };
		79B821AE248F308A00A3649D /* ContentView.swift in Sources */ = {isa = PBXBuildFile; fileRef = 79B821AD248F308A00A3649D /* ContentView.swift */; };
		79B821B0248F308A00A3649D /* Assets.xcassets in Resources */ = {isa = PBXBuildFile; fileRef = 79B821AF248F308A00A3649D /* Assets.xcassets */; };
		79B821B3248F308A00A3649D /* Preview Assets.xcassets in Resources */ = {isa = PBXBuildFile; fileRef = 79B821B2248F308A00A3649D /* Preview Assets.xcassets */; };
		79B821B6248F308A00A3649D /* LaunchScreen.storyboard in Resources */ = {isa = PBXBuildFile; fileRef = 79B821B4248F308A00A3649D /* LaunchScreen.storyboard */; };
		79B821BE248F333900A3649D /* HarryPotterVStack.swift in Sources */ = {isa = PBXBuildFile; fileRef = 79B821BD248F333900A3649D /* HarryPotterVStack.swift */; };
		79B821C0248F33C000A3649D /* ViewsAsProperties.swift in Sources */ = {isa = PBXBuildFile; fileRef = 79B821BF248F33C000A3649D /* ViewsAsProperties.swift */; };
		79B821C2248F344100A3649D /* ViewComposition.swift in Sources */ = {isa = PBXBuildFile; fileRef = 79B821C1248F344100A3649D /* ViewComposition.swift */; };
		79B821C6248F34DA00A3649D /* CustomViewModifers.swift in Sources */ = {isa = PBXBuildFile; fileRef = 79B821C5248F34DA00A3649D /* CustomViewModifers.swift */; };
		79B821C8248F35B000A3649D /* CustomContainers.swift in Sources */ = {isa = PBXBuildFile; fileRef = 79B821C7248F35B000A3649D /* CustomContainers.swift */; };
		79B821CC248FC84300A3649D /* ChallengeView.swift in Sources */ = {isa = PBXBuildFile; fileRef = 79B821CB248FC84300A3649D /* ChallengeView.swift */; };
/* End PBXBuildFile section */

/* Begin PBXFileReference section */
		79B821A6248F308A00A3649D /* ViewsAndModifers.app */ = {isa = PBXFileReference; explicitFileType = wrapper.application; includeInIndex = 0; path = ViewsAndModifers.app; sourceTree = BUILT_PRODUCTS_DIR; };
		79B821A9248F308A00A3649D /* AppDelegate.swift */ = {isa = PBXFileReference; lastKnownFileType = sourcecode.swift; path = AppDelegate.swift; sourceTree = "<group>"; };
		79B821AB248F308A00A3649D /* SceneDelegate.swift */ = {isa = PBXFileReference; lastKnownFileType = sourcecode.swift; path = SceneDelegate.swift; sourceTree = "<group>"; };
		79B821AD248F308A00A3649D /* ContentView.swift */ = {isa = PBXFileReference; lastKnownFileType = sourcecode.swift; path = ContentView.swift; sourceTree = "<group>"; };
		79B821AF248F308A00A3649D /* Assets.xcassets */ = {isa = PBXFileReference; lastKnownFileType = folder.assetcatalog; path = Assets.xcassets; sourceTree = "<group>"; };
		79B821B2248F308A00A3649D /* Preview Assets.xcassets */ = {isa = PBXFileReference; lastKnownFileType = folder.assetcatalog; path = "Preview Assets.xcassets"; sourceTree = "<group>"; };
		79B821B5248F308A00A3649D /* Base */ = {isa = PBXFileReference; lastKnownFileType = file.storyboard; name = Base; path = Base.lproj/LaunchScreen.storyboard; sourceTree = "<group>"; };
		79B821B7248F308A00A3649D /* Info.plist */ = {isa = PBXFileReference; lastKnownFileType = text.plist.xml; path = Info.plist; sourceTree = "<group>"; };
		79B821BD248F333900A3649D /* HarryPotterVStack.swift */ = {isa = PBXFileReference; lastKnownFileType = sourcecode.swift; path = HarryPotterVStack.swift; sourceTree = "<group>"; };
		79B821BF248F33C000A3649D /* ViewsAsProperties.swift */ = {isa = PBXFileReference; lastKnownFileType = sourcecode.swift; path = ViewsAsProperties.swift; sourceTree = "<group>"; };
		79B821C1248F344100A3649D /* ViewComposition.swift */ = {isa = PBXFileReference; lastKnownFileType = sourcecode.swift; path = ViewComposition.swift; sourceTree = "<group>"; };
		79B821C5248F34DA00A3649D /* CustomViewModifers.swift */ = {isa = PBXFileReference; lastKnownFileType = sourcecode.swift; path = CustomViewModifers.swift; sourceTree = "<group>"; };
		79B821C7248F35B000A3649D /* CustomContainers.swift */ = {isa = PBXFileReference; lastKnownFileType = sourcecode.swift; path = CustomContainers.swift; sourceTree = "<group>"; };
		79B821CB248FC84300A3649D /* ChallengeView.swift */ = {isa = PBXFileReference; lastKnownFileType = sourcecode.swift; path = ChallengeView.swift; sourceTree = "<group>"; };
/* End PBXFileReference section */

/* Begin PBXFrameworksBuildPhase section */
		79B821A3248F308A00A3649D /* Frameworks */ = {
			isa = PBXFrameworksBuildPhase;
			buildActionMask = 2147483647;
			files = (
			);
			runOnlyForDeploymentPostprocessing = 0;
		};
/* End PBXFrameworksBuildPhase section */

/* Begin PBXGroup section */
		79B8219D248F308A00A3649D = {
			isa = PBXGroup;
			children = (
				79B821A8248F308A00A3649D /* ViewsAndModifers */,
				79B821A7248F308A00A3649D /* Products */,
			);
			sourceTree = "<group>";
		};
		79B821A7248F308A00A3649D /* Products */ = {
			isa = PBXGroup;
			children = (
				79B821A6248F308A00A3649D /* ViewsAndModifers.app */,
			);
			name = Products;
			sourceTree = "<group>";
		};
		79B821A8248F308A00A3649D /* ViewsAndModifers */ = {
			isa = PBXGroup;
			children = (
				79B821CD248FC84D00A3649D /* Challenge */,
				79B821CA248F35CE00A3649D /* ViewProperties+Composition */,
				79B821C9248F35B600A3649D /* Custom */,
				79B821A9248F308A00A3649D /* AppDelegate.swift */,
				79B821AB248F308A00A3649D /* SceneDelegate.swift */,
				79B821AD248F308A00A3649D /* ContentView.swift */,
				79B821AF248F308A00A3649D /* Assets.xcassets */,
				79B821B4248F308A00A3649D /* LaunchScreen.storyboard */,
				79B821B7248F308A00A3649D /* Info.plist */,
				79B821B1248F308A00A3649D /* Preview Content */,
			);
			path = ViewsAndModifers;
			sourceTree = "<group>";
		};
		79B821B1248F308A00A3649D /* Preview Content */ = {
			isa = PBXGroup;
			children = (
				79B821B2248F308A00A3649D /* Preview Assets.xcassets */,
			);
			path = "Preview Content";
			sourceTree = "<group>";
		};
		79B821C9248F35B600A3649D /* Custom */ = {
			isa = PBXGroup;
			children = (
				79B821C7248F35B000A3649D /* CustomContainers.swift */,
				79B821C5248F34DA00A3649D /* CustomViewModifers.swift */,
			);
			path = Custom;
			sourceTree = "<group>";
		};
		79B821CA248F35CE00A3649D /* ViewProperties+Composition */ = {
			isa = PBXGroup;
			children = (
				79B821C1248F344100A3649D /* ViewComposition.swift */,
				79B821BF248F33C000A3649D /* ViewsAsProperties.swift */,
				79B821BD248F333900A3649D /* HarryPotterVStack.swift */,
			);
			path = "ViewProperties+Composition";
			sourceTree = "<group>";
		};
		79B821CD248FC84D00A3649D /* Challenge */ = {
			isa = PBXGroup;
			children = (
				79B821CB248FC84300A3649D /* ChallengeView.swift */,
			);
			path = Challenge;
			sourceTree = "<group>";
		};
/* End PBXGroup section */

/* Begin PBXNativeTarget section */
		79B821A5248F308A00A3649D /* ViewsAndModifers */ = {
			isa = PBXNativeTarget;
			buildConfigurationList = 79B821BA248F308A00A3649D /* Build configuration list for PBXNativeTarget "ViewsAndModifers" */;
			buildPhases = (
				79B821A2248F308A00A3649D /* Sources */,
				79B821A3248F308A00A3649D /* Frameworks */,
				79B821A4248F308A00A3649D /* Resources */,
			);
			buildRules = (
			);
			dependencies = (
			);
			name = ViewsAndModifers;
			productName = ViewsAndModifers;
			productReference = 79B821A6248F308A00A3649D /* ViewsAndModifers.app */;
			productType = "com.apple.product-type.application";
		};
/* End PBXNativeTarget section */

/* Begin PBXProject section */
		79B8219E248F308A00A3649D /* Project object */ = {
			isa = PBXProject;
			attributes = {
				LastSwiftUpdateCheck = 1140;
				LastUpgradeCheck = 1140;
				ORGANIZATIONNAME = dperry.io;
				TargetAttributes = {
					79B821A5248F308A00A3649D = {
						CreatedOnToolsVersion = 11.4.1;
					};
				};
			};
			buildConfigurationList = 79B821A1248F308A00A3649D /* Build configuration list for PBXProject "ViewsAndModifers" */;
			compatibilityVersion = "Xcode 9.3";
			developmentRegion = en;
			hasScannedForEncodings = 0;
			knownRegions = (
				en,
				Base,
			);
			mainGroup = 79B8219D248F308A00A3649D;
			productRefGroup = 79B821A7248F308A00A3649D /* Products */;
			projectDirPath = "";
			projectRoot = "";
			targets = (
				79B821A5248F308A00A3649D /* ViewsAndModifers */,
			);
		};
/* End PBXProject section */

/* Begin PBXResourcesBuildPhase section */
		79B821A4248F308A00A3649D /* Resources */ = {
			isa = PBXResourcesBuildPhase;
			buildActionMask = 2147483647;
			files = (
				79B821B6248F308A00A3649D /* LaunchScreen.storyboard in Resources */,
				79B821B3248F308A00A3649D /* Preview Assets.xcassets in Resources */,
				79B821B0248F308A00A3649D /* Assets.xcassets in Resources */,
			);
			runOnlyForDeploymentPostprocessing = 0;
		};
/* End PBXResourcesBuildPhase section */

/* Begin PBXSourcesBuildPhase section */
		79B821A2248F308A00A3649D /* Sources */ = {
			isa = PBXSourcesBuildPhase;
			buildActionMask = 2147483647;
			files = (
				79B821C6248F34DA00A3649D /* CustomViewModifers.swift in Sources */,
				79B821C0248F33C000A3649D /* ViewsAsProperties.swift in Sources */,
				79B821C8248F35B000A3649D /* CustomContainers.swift in Sources */,
				79B821C2248F344100A3649D /* ViewComposition.swift in Sources */,
				79B821AA248F308A00A3649D /* AppDelegate.swift in Sources */,
				79B821CC248FC84300A3649D /* ChallengeView.swift in Sources */,
				79B821AC248F308A00A3649D /* SceneDelegate.swift in Sources */,
				79B821BE248F333900A3649D /* HarryPotterVStack.swift in Sources */,
				79B821AE248F308A00A3649D /* ContentView.swift in Sources */,
			);
			runOnlyForDeploymentPostprocessing = 0;
		};
/* End PBXSourcesBuildPhase section */

/* Begin PBXVariantGroup section */
		79B821B4248F308A00A3649D /* LaunchScreen.storyboard */ = {
			isa = PBXVariantGroup;
			children = (
				79B821B5248F308A00A3649D /* Base */,
			);
			name = LaunchScreen.storyboard;
			sourceTree = "<group>";
		};
/* End PBXVariantGroup section */

/* Begin XCBuildConfiguration section */
		79B821B8248F308A00A3649D /* Debug */ = {
			isa = XCBuildConfiguration;
			buildSettings = {
				ALWAYS_SEARCH_USER_PATHS = NO;
				CLANG_ANALYZER_NONNULL = YES;
				CLANG_ANALYZER_NUMBER_OBJECT_CONVERSION = YES_AGGRESSIVE;
				CLANG_CXX_LANGUAGE_STANDARD = "gnu++14";
				CLANG_CXX_LIBRARY = "libc++";
				CLANG_ENABLE_MODULES = YES;
				CLANG_ENABLE_OBJC_ARC = YES;
				CLANG_ENABLE_OBJC_WEAK = YES;
				CLANG_WARN_BLOCK_CAPTURE_AUTORELEASING = YES;
				CLANG_WARN_BOOL_CONVERSION = YES;
				CLANG_WARN_COMMA = YES;
				CLANG_WARN_CONSTANT_CONVERSION = YES;
				CLANG_WARN_DEPRECATED_OBJC_IMPLEMENTATIONS = YES;
				CLANG_WARN_DIRECT_OBJC_ISA_USAGE = YES_ERROR;
				CLANG_WARN_DOCUMENTATION_COMMENTS = YES;
				CLANG_WARN_EMPTY_BODY = YES;
				CLANG_WARN_ENUM_CONVERSION = YES;
				CLANG_WARN_INFINITE_RECURSION = YES;
				CLANG_WARN_INT_CONVERSION = YES;
				CLANG_WARN_NON_LITERAL_NULL_CONVERSION = YES;
				CLANG_WARN_OBJC_IMPLICIT_RETAIN_SELF = YES;
				CLANG_WARN_OBJC_LITERAL_CONVERSION = YES;
				CLANG_WARN_OBJC_ROOT_CLASS = YES_ERROR;
				CLANG_WARN_RANGE_LOOP_ANALYSIS = YES;
				CLANG_WARN_STRICT_PROTOTYPES = YES;
				CLANG_WARN_SUSPICIOUS_MOVE = YES;
				CLANG_WARN_UNGUARDED_AVAILABILITY = YES_AGGRESSIVE;
				CLANG_WARN_UNREACHABLE_CODE = YES;
				CLANG_WARN__DUPLICATE_METHOD_MATCH = YES;
				COPY_PHASE_STRIP = NO;
				DEBUG_INFORMATION_FORMAT = dwarf;
				ENABLE_STRICT_OBJC_MSGSEND = YES;
				ENABLE_TESTABILITY = YES;
				GCC_C_LANGUAGE_STANDARD = gnu11;
				GCC_DYNAMIC_NO_PIC = NO;
				GCC_NO_COMMON_BLOCKS = YES;
				GCC_OPTIMIZATION_LEVEL = 0;
				GCC_PREPROCESSOR_DEFINITIONS = (
					"DEBUG=1",
					"$(inherited)",
				);
				GCC_WARN_64_TO_32_BIT_CONVERSION = YES;
				GCC_WARN_ABOUT_RETURN_TYPE = YES_ERROR;
				GCC_WARN_UNDECLARED_SELECTOR = YES;
				GCC_WARN_UNINITIALIZED_AUTOS = YES_AGGRESSIVE;
				GCC_WARN_UNUSED_FUNCTION = YES;
				GCC_WARN_UNUSED_VARIABLE = YES;
				IPHONEOS_DEPLOYMENT_TARGET = 13.4;
				MTL_ENABLE_DEBUG_INFO = INCLUDE_SOURCE;
				MTL_FAST_MATH = YES;
				ONLY_ACTIVE_ARCH = YES;
				SDKROOT = iphoneos;
				SWIFT_ACTIVE_COMPILATION_CONDITIONS = DEBUG;
				SWIFT_OPTIMIZATION_LEVEL = "-Onone";
			};
			name = Debug;
		};
		79B821B9248F308A00A3649D /* Release */ = {
			isa = XCBuildConfiguration;
			buildSettings = {
				ALWAYS_SEARCH_USER_PATHS = NO;
				CLANG_ANALYZER_NONNULL = YES;
				CLANG_ANALYZER_NUMBER_OBJECT_CONVERSION = YES_AGGRESSIVE;
				CLANG_CXX_LANGUAGE_STANDARD = "gnu++14";
				CLANG_CXX_LIBRARY = "libc++";
				CLANG_ENABLE_MODULES = YES;
				CLANG_ENABLE_OBJC_ARC = YES;
				CLANG_ENABLE_OBJC_WEAK = YES;
				CLANG_WARN_BLOCK_CAPTURE_AUTORELEASING = YES;
				CLANG_WARN_BOOL_CONVERSION = YES;
				CLANG_WARN_COMMA = YES;
				CLANG_WARN_CONSTANT_CONVERSION = YES;
				CLANG_WARN_DEPRECATED_OBJC_IMPLEMENTATIONS = YES;
				CLANG_WARN_DIRECT_OBJC_ISA_USAGE = YES_ERROR;
				CLANG_WARN_DOCUMENTATION_COMMENTS = YES;
				CLANG_WARN_EMPTY_BODY = YES;
				CLANG_WARN_ENUM_CONVERSION = YES;
				CLANG_WARN_INFINITE_RECURSION = YES;
				CLANG_WARN_INT_CONVERSION = YES;
				CLANG_WARN_NON_LITERAL_NULL_CONVERSION = YES;
				CLANG_WARN_OBJC_IMPLICIT_RETAIN_SELF = YES;
				CLANG_WARN_OBJC_LITERAL_CONVERSION = YES;
				CLANG_WARN_OBJC_ROOT_CLASS = YES_ERROR;
				CLANG_WARN_RANGE_LOOP_ANALYSIS = YES;
				CLANG_WARN_STRICT_PROTOTYPES = YES;
				CLANG_WARN_SUSPICIOUS_MOVE = YES;
				CLANG_WARN_UNGUARDED_AVAILABILITY = YES_AGGRESSIVE;
				CLANG_WARN_UNREACHABLE_CODE = YES;
				CLANG_WARN__DUPLICATE_METHOD_MATCH = YES;
				COPY_PHASE_STRIP = NO;
				DEBUG_INFORMATION_FORMAT = "dwarf-with-dsym";
				ENABLE_NS_ASSERTIONS = NO;
				ENABLE_STRICT_OBJC_MSGSEND = YES;
				GCC_C_LANGUAGE_STANDARD = gnu11;
				GCC_NO_COMMON_BLOCKS = YES;
				GCC_WARN_64_TO_32_BIT_CONVERSION = YES;
				GCC_WARN_ABOUT_RETURN_TYPE = YES_ERROR;
				GCC_WARN_UNDECLARED_SELECTOR = YES;
				GCC_WARN_UNINITIALIZED_AUTOS = YES_AGGRESSIVE;
				GCC_WARN_UNUSED_FUNCTION = YES;
				GCC_WARN_UNUSED_VARIABLE = YES;
				IPHONEOS_DEPLOYMENT_TARGET = 13.4;
				MTL_ENABLE_DEBUG_INFO = NO;
				MTL_FAST_MATH = YES;
				SDKROOT = iphoneos;
				SWIFT_COMPILATION_MODE = wholemodule;
				SWIFT_OPTIMIZATION_LEVEL = "-O";
				VALIDATE_PRODUCT = YES;
			};
			name = Release;
		};
		79B821BB248F308A00A3649D /* Debug */ = {
			isa = XCBuildConfiguration;
			buildSettings = {
				ASSETCATALOG_COMPILER_APPICON_NAME = AppIcon;
				CODE_SIGN_STYLE = Automatic;
				DEVELOPMENT_ASSET_PATHS = "\"ViewsAndModifers/Preview Content\"";
				DEVELOPMENT_TEAM = 483776HNJ4;
				ENABLE_PREVIEWS = YES;
				INFOPLIST_FILE = ViewsAndModifers/Info.plist;
				LD_RUNPATH_SEARCH_PATHS = (
					"$(inherited)",
					"@executable_path/Frameworks",
				);
				PRODUCT_BUNDLE_IDENTIFIER = io.dperry.ViewsAndModifers;
				PRODUCT_NAME = "$(TARGET_NAME)";
				SWIFT_VERSION = 5.0;
				TARGETED_DEVICE_FAMILY = "1,2";
			};
			name = Debug;
		};
		79B821BC248F308A00A3649D /* Release */ = {
			isa = XCBuildConfiguration;
			buildSettings = {
				ASSETCATALOG_COMPILER_APPICON_NAME = AppIcon;
				CODE_SIGN_STYLE = Automatic;
				DEVELOPMENT_ASSET_PATHS = "\"ViewsAndModifers/Preview Content\"";
				DEVELOPMENT_TEAM = 483776HNJ4;
				ENABLE_PREVIEWS = YES;
				INFOPLIST_FILE = ViewsAndModifers/Info.plist;
				LD_RUNPATH_SEARCH_PATHS = (
					"$(inherited)",
					"@executable_path/Frameworks",
				);
				PRODUCT_BUNDLE_IDENTIFIER = io.dperry.ViewsAndModifers;
				PRODUCT_NAME = "$(TARGET_NAME)";
				SWIFT_VERSION = 5.0;
				TARGETED_DEVICE_FAMILY = "1,2";
			};
			name = Release;
		};
/* End XCBuildConfiguration section */

/* Begin XCConfigurationList section */
		79B821A1248F308A00A3649D /* Build configuration list for PBXProject "ViewsAndModifers" */ = {
			isa = XCConfigurationList;
			buildConfigurations = (
				79B821B8248F308A00A3649D /* Debug */,
				79B821B9248F308A00A3649D /* Release */,
			);
			defaultConfigurationIsVisible = 0;
			defaultConfigurationName = Release;
		};
		79B821BA248F308A00A3649D /* Build configuration list for PBXNativeTarget "ViewsAndModifers" */ = {
			isa = XCConfigurationList;
			buildConfigurations = (
				79B821BB248F308A00A3649D /* Debug */,
				79B821BC248F308A00A3649D /* Release */,
			);
			defaultConfigurationIsVisible = 0;
			defaultConfigurationName = Release;
		};
/* End XCConfigurationList section */
	};
	rootObject = 79B8219E248F308A00A3649D /* Project object */;
}
