// !$*UTF8*$!
{
	archiveVersion = 1;
	classes = {
	};
	objectVersion = 50;
	objects = {

/* Begin PBXBuildFile section */
		796BD56E249A8D7C004023D6 /* AppDelegate.swift in Sources */ = {isa = PBXBuildFile; fileRef = 796BD56D249A8D7C004023D6 /* AppDelegate.swift */; };
		796BD570249A8D7C004023D6 /* SceneDelegate.swift in Sources */ = {isa = PBXBuildFile; fileRef = 796BD56F249A8D7C004023D6 /* SceneDelegate.swift */; };
		796BD572249A8D7C004023D6 /* ContentView.swift in Sources */ = {isa = PBXBuildFile; fileRef = 796BD571249A8D7C004023D6 /* ContentView.swift */; };
		796BD574249A8D7E004023D6 /* Assets.xcassets in Resources */ = {isa = PBXBuildFile; fileRef = 796BD573249A8D7E004023D6 /* Assets.xcassets */; };
		796BD577249A8D7E004023D6 /* Preview Assets.xcassets in Resources */ = {isa = PBXBuildFile; fileRef = 796BD576249A8D7E004023D6 /* Preview Assets.xcassets */; };
		796BD57A249A8D7E004023D6 /* LaunchScreen.storyboard in Resources */ = {isa = PBXBuildFile; fileRef = 796BD578249A8D7E004023D6 /* LaunchScreen.storyboard */; };
		796BD582249A9617004023D6 /* SleepCalculator.mlmodel in Sources */ = {isa = PBXBuildFile; fileRef = 796BD581249A9617004023D6 /* SleepCalculator.mlmodel */; };
		796BD587249A9631004023D6 /* SleepCalculator-DecisionTree.mlmodel in Sources */ = {isa = PBXBuildFile; fileRef = 796BD583249A9631004023D6 /* SleepCalculator-DecisionTree.mlmodel */; };
		796BD588249A9631004023D6 /* SleepCalculator-LinearRegression.mlmodel in Sources */ = {isa = PBXBuildFile; fileRef = 796BD584249A9631004023D6 /* SleepCalculator-LinearRegression.mlmodel */; };
		796BD589249A9631004023D6 /* SleepCalculater-BoostedTree.mlmodel in Sources */ = {isa = PBXBuildFile; fileRef = 796BD585249A9631004023D6 /* SleepCalculater-BoostedTree.mlmodel */; };
		796BD58A249A9631004023D6 /* SleepCalculator-RandomForest.mlmodel in Sources */ = {isa = PBXBuildFile; fileRef = 796BD586249A9631004023D6 /* SleepCalculator-RandomForest.mlmodel */; };
/* End PBXBuildFile section */

/* Begin PBXFileReference section */
		796BD56A249A8D7C004023D6 /* BetterRest.app */ = {isa = PBXFileReference; explicitFileType = wrapper.application; includeInIndex = 0; path = BetterRest.app; sourceTree = BUILT_PRODUCTS_DIR; };
		796BD56D249A8D7C004023D6 /* AppDelegate.swift */ = {isa = PBXFileReference; lastKnownFileType = sourcecode.swift; path = AppDelegate.swift; sourceTree = "<group>"; };
		796BD56F249A8D7C004023D6 /* SceneDelegate.swift */ = {isa = PBXFileReference; lastKnownFileType = sourcecode.swift; path = SceneDelegate.swift; sourceTree = "<group>"; };
		796BD571249A8D7C004023D6 /* ContentView.swift */ = {isa = PBXFileReference; lastKnownFileType = sourcecode.swift; path = ContentView.swift; sourceTree = "<group>"; };
		796BD573249A8D7E004023D6 /* Assets.xcassets */ = {isa = PBXFileReference; lastKnownFileType = folder.assetcatalog; path = Assets.xcassets; sourceTree = "<group>"; };
		796BD576249A8D7E004023D6 /* Preview Assets.xcassets */ = {isa = PBXFileReference; lastKnownFileType = folder.assetcatalog; path = "Preview Assets.xcassets"; sourceTree = "<group>"; };
		796BD579249A8D7E004023D6 /* Base */ = {isa = PBXFileReference; lastKnownFileType = file.storyboard; name = Base; path = Base.lproj/LaunchScreen.storyboard; sourceTree = "<group>"; };
		796BD57B249A8D7E004023D6 /* Info.plist */ = {isa = PBXFileReference; lastKnownFileType = text.plist.xml; path = Info.plist; sourceTree = "<group>"; };
		796BD581249A9617004023D6 /* SleepCalculator.mlmodel */ = {isa = PBXFileReference; lastKnownFileType = file.mlmodel; name = SleepCalculator.mlmodel; path = "../../BetterRest-Files/SleepCalculator.mlmodel"; sourceTree = "<group>"; };
		796BD583249A9631004023D6 /* SleepCalculator-DecisionTree.mlmodel */ = {isa = PBXFileReference; lastKnownFileType = file.mlmodel; name = "SleepCalculator-DecisionTree.mlmodel"; path = "../../BetterRest-Files/SleepCalculator-DecisionTree.mlmodel"; sourceTree = "<group>"; };
		796BD584249A9631004023D6 /* SleepCalculator-LinearRegression.mlmodel */ = {isa = PBXFileReference; lastKnownFileType = file.mlmodel; name = "SleepCalculator-LinearRegression.mlmodel"; path = "../../BetterRest-Files/SleepCalculator-LinearRegression.mlmodel"; sourceTree = "<group>"; };
		796BD585249A9631004023D6 /* SleepCalculater-BoostedTree.mlmodel */ = {isa = PBXFileReference; lastKnownFileType = file.mlmodel; name = "SleepCalculater-BoostedTree.mlmodel"; path = "../../BetterRest-Files/SleepCalculater-BoostedTree.mlmodel"; sourceTree = "<group>"; };
		796BD586249A9631004023D6 /* SleepCalculator-RandomForest.mlmodel */ = {isa = PBXFileReference; lastKnownFileType = file.mlmodel; name = "SleepCalculator-RandomForest.mlmodel"; path = "../../BetterRest-Files/SleepCalculator-RandomForest.mlmodel"; sourceTree = "<group>"; };
/* End PBXFileReference section */

/* Begin PBXFrameworksBuildPhase section */
		796BD567249A8D7B004023D6 /* Frameworks */ = {
			isa = PBXFrameworksBuildPhase;
			buildActionMask = 2147483647;
			files = (
			);
			runOnlyForDeploymentPostprocessing = 0;
		};
/* End PBXFrameworksBuildPhase section */

/* Begin PBXGroup section */
		796BD561249A8D7B004023D6 = {
			isa = PBXGroup;
			children = (
				796BD56C249A8D7C004023D6 /* BetterRest */,
				796BD56B249A8D7C004023D6 /* Products */,
			);
			sourceTree = "<group>";
		};
		796BD56B249A8D7C004023D6 /* Products */ = {
			isa = PBXGroup;
			children = (
				796BD56A249A8D7C004023D6 /* BetterRest.app */,
			);
			name = Products;
			sourceTree = "<group>";
		};
		796BD56C249A8D7C004023D6 /* BetterRest */ = {
			isa = PBXGroup;
			children = (
				796BD56D249A8D7C004023D6 /* AppDelegate.swift */,
				796BD56F249A8D7C004023D6 /* SceneDelegate.swift */,
				796BD571249A8D7C004023D6 /* ContentView.swift */,
				796BD573249A8D7E004023D6 /* Assets.xcassets */,
				796BD58B249A9636004023D6 /* SleepCalculatorModels */,
				796BD578249A8D7E004023D6 /* LaunchScreen.storyboard */,
				796BD57B249A8D7E004023D6 /* Info.plist */,
				796BD575249A8D7E004023D6 /* Preview Content */,
			);
			path = BetterRest;
			sourceTree = "<group>";
		};
		796BD575249A8D7E004023D6 /* Preview Content */ = {
			isa = PBXGroup;
			children = (
				796BD576249A8D7E004023D6 /* Preview Assets.xcassets */,
			);
			path = "Preview Content";
			sourceTree = "<group>";
		};
		796BD58B249A9636004023D6 /* SleepCalculatorModels */ = {
			isa = PBXGroup;
			children = (
				796BD585249A9631004023D6 /* SleepCalculater-BoostedTree.mlmodel */,
				796BD583249A9631004023D6 /* SleepCalculator-DecisionTree.mlmodel */,
				796BD584249A9631004023D6 /* SleepCalculator-LinearRegression.mlmodel */,
				796BD586249A9631004023D6 /* SleepCalculator-RandomForest.mlmodel */,
				796BD581249A9617004023D6 /* SleepCalculator.mlmodel */,
			);
			name = SleepCalculatorModels;
			sourceTree = "<group>";
		};
/* End PBXGroup section */

/* Begin PBXNativeTarget section */
		796BD569249A8D7B004023D6 /* BetterRest */ = {
			isa = PBXNativeTarget;
			buildConfigurationList = 796BD57E249A8D7E004023D6 /* Build configuration list for PBXNativeTarget "BetterRest" */;
			buildPhases = (
				796BD566249A8D7B004023D6 /* Sources */,
				796BD567249A8D7B004023D6 /* Frameworks */,
				796BD568249A8D7B004023D6 /* Resources */,
			);
			buildRules = (
			);
			dependencies = (
			);
			name = BetterRest;
			productName = BetterRest;
			productReference = 796BD56A249A8D7C004023D6 /* BetterRest.app */;
			productType = "com.apple.product-type.application";
		};
/* End PBXNativeTarget section */

/* Begin PBXProject section */
		796BD562249A8D7B004023D6 /* Project object */ = {
			isa = PBXProject;
			attributes = {
				LastSwiftUpdateCheck = 1140;
				LastUpgradeCheck = 1140;
				ORGANIZATIONNAME = dperry.io;
				TargetAttributes = {
					796BD569249A8D7B004023D6 = {
						CreatedOnToolsVersion = 11.4.1;
					};
				};
			};
			buildConfigurationList = 796BD565249A8D7B004023D6 /* Build configuration list for PBXProject "BetterRest" */;
			compatibilityVersion = "Xcode 9.3";
			developmentRegion = en;
			hasScannedForEncodings = 0;
			knownRegions = (
				en,
				Base,
			);
			mainGroup = 796BD561249A8D7B004023D6;
			productRefGroup = 796BD56B249A8D7C004023D6 /* Products */;
			projectDirPath = "";
			projectRoot = "";
			targets = (
				796BD569249A8D7B004023D6 /* BetterRest */,
			);
		};
/* End PBXProject section */

/* Begin PBXResourcesBuildPhase section */
		796BD568249A8D7B004023D6 /* Resources */ = {
			isa = PBXResourcesBuildPhase;
			buildActionMask = 2147483647;
			files = (
				796BD57A249A8D7E004023D6 /* LaunchScreen.storyboard in Resources */,
				796BD577249A8D7E004023D6 /* Preview Assets.xcassets in Resources */,
				796BD574249A8D7E004023D6 /* Assets.xcassets in Resources */,
			);
			runOnlyForDeploymentPostprocessing = 0;
		};
/* End PBXResourcesBuildPhase section */

/* Begin PBXSourcesBuildPhase section */
		796BD566249A8D7B004023D6 /* Sources */ = {
			isa = PBXSourcesBuildPhase;
			buildActionMask = 2147483647;
			files = (
				796BD58A249A9631004023D6 /* SleepCalculator-RandomForest.mlmodel in Sources */,
				796BD588249A9631004023D6 /* SleepCalculator-LinearRegression.mlmodel in Sources */,
				796BD587249A9631004023D6 /* SleepCalculator-DecisionTree.mlmodel in Sources */,
				796BD56E249A8D7C004023D6 /* AppDelegate.swift in Sources */,
				796BD570249A8D7C004023D6 /* SceneDelegate.swift in Sources */,
				796BD589249A9631004023D6 /* SleepCalculater-BoostedTree.mlmodel in Sources */,
				796BD582249A9617004023D6 /* SleepCalculator.mlmodel in Sources */,
				796BD572249A8D7C004023D6 /* ContentView.swift in Sources */,
			);
			runOnlyForDeploymentPostprocessing = 0;
		};
/* End PBXSourcesBuildPhase section */

/* Begin PBXVariantGroup section */
		796BD578249A8D7E004023D6 /* LaunchScreen.storyboard */ = {
			isa = PBXVariantGroup;
			children = (
				796BD579249A8D7E004023D6 /* Base */,
			);
			name = LaunchScreen.storyboard;
			sourceTree = "<group>";
		};
/* End PBXVariantGroup section */

/* Begin XCBuildConfiguration section */
		796BD57C249A8D7E004023D6 /* Debug */ = {
			isa = XCBuildConfiguration;
			buildSettings = {
				ALWAYS_SEARCH_USER_PATHS = NO;
				CLANG_ANALYZER_NONNULL = YES;
				CLANG_ANALYZER_NUMBER_OBJECT_CONVERSION = YES_AGGRESSIVE;
				CLANG_CXX_LANGUAGE_STANDARD = "gnu++14";
				CLANG_CXX_LIBRARY = "libc++";
				CLANG_ENABLE_MODULES = YES;
				CLANG_ENABLE_OBJC_ARC = YES;
				CLANG_ENABLE_OBJC_WEAK = YES;
				CLANG_WARN_BLOCK_CAPTURE_AUTORELEASING = YES;
				CLANG_WARN_BOOL_CONVERSION = YES;
				CLANG_WARN_COMMA = YES;
				CLANG_WARN_CONSTANT_CONVERSION = YES;
				CLANG_WARN_DEPRECATED_OBJC_IMPLEMENTATIONS = YES;
				CLANG_WARN_DIRECT_OBJC_ISA_USAGE = YES_ERROR;
				CLANG_WARN_DOCUMENTATION_COMMENTS = YES;
				CLANG_WARN_EMPTY_BODY = YES;
				CLANG_WARN_ENUM_CONVERSION = YES;
				CLANG_WARN_INFINITE_RECURSION = YES;
				CLANG_WARN_INT_CONVERSION = YES;
				CLANG_WARN_NON_LITERAL_NULL_CONVERSION = YES;
				CLANG_WARN_OBJC_IMPLICIT_RETAIN_SELF = YES;
				CLANG_WARN_OBJC_LITERAL_CONVERSION = YES;
				CLANG_WARN_OBJC_ROOT_CLASS = YES_ERROR;
				CLANG_WARN_RANGE_LOOP_ANALYSIS = YES;
				CLANG_WARN_STRICT_PROTOTYPES = YES;
				CLANG_WARN_SUSPICIOUS_MOVE = YES;
				CLANG_WARN_UNGUARDED_AVAILABILITY = YES_AGGRESSIVE;
				CLANG_WARN_UNREACHABLE_CODE = YES;
				CLANG_WARN__DUPLICATE_METHOD_MATCH = YES;
				COPY_PHASE_STRIP = NO;
				DEBUG_INFORMATION_FORMAT = dwarf;
				ENABLE_STRICT_OBJC_MSGSEND = YES;
				ENABLE_TESTABILITY = YES;
				GCC_C_LANGUAGE_STANDARD = gnu11;
				GCC_DYNAMIC_NO_PIC = NO;
				GCC_NO_COMMON_BLOCKS = YES;
				GCC_OPTIMIZATION_LEVEL = 0;
				GCC_PREPROCESSOR_DEFINITIONS = (
					"DEBUG=1",
					"$(inherited)",
				);
				GCC_WARN_64_TO_32_BIT_CONVERSION = YES;
				GCC_WARN_ABOUT_RETURN_TYPE = YES_ERROR;
				GCC_WARN_UNDECLARED_SELECTOR = YES;
				GCC_WARN_UNINITIALIZED_AUTOS = YES_AGGRESSIVE;
				GCC_WARN_UNUSED_FUNCTION = YES;
				GCC_WARN_UNUSED_VARIABLE = YES;
				IPHONEOS_DEPLOYMENT_TARGET = 13.4;
				MTL_ENABLE_DEBUG_INFO = INCLUDE_SOURCE;
				MTL_FAST_MATH = YES;
				ONLY_ACTIVE_ARCH = YES;
				SDKROOT = iphoneos;
				SWIFT_ACTIVE_COMPILATION_CONDITIONS = DEBUG;
				SWIFT_OPTIMIZATION_LEVEL = "-Onone";
			};
			name = Debug;
		};
		796BD57D249A8D7E004023D6 /* Release */ = {
			isa = XCBuildConfiguration;
			buildSettings = {
				ALWAYS_SEARCH_USER_PATHS = NO;
				CLANG_ANALYZER_NONNULL = YES;
				CLANG_ANALYZER_NUMBER_OBJECT_CONVERSION = YES_AGGRESSIVE;
				CLANG_CXX_LANGUAGE_STANDARD = "gnu++14";
				CLANG_CXX_LIBRARY = "libc++";
				CLANG_ENABLE_MODULES = YES;
				CLANG_ENABLE_OBJC_ARC = YES;
				CLANG_ENABLE_OBJC_WEAK = YES;
				CLANG_WARN_BLOCK_CAPTURE_AUTORELEASING = YES;
				CLANG_WARN_BOOL_CONVERSION = YES;
				CLANG_WARN_COMMA = YES;
				CLANG_WARN_CONSTANT_CONVERSION = YES;
				CLANG_WARN_DEPRECATED_OBJC_IMPLEMENTATIONS = YES;
				CLANG_WARN_DIRECT_OBJC_ISA_USAGE = YES_ERROR;
				CLANG_WARN_DOCUMENTATION_COMMENTS = YES;
				CLANG_WARN_EMPTY_BODY = YES;
				CLANG_WARN_ENUM_CONVERSION = YES;
				CLANG_WARN_INFINITE_RECURSION = YES;
				CLANG_WARN_INT_CONVERSION = YES;
				CLANG_WARN_NON_LITERAL_NULL_CONVERSION = YES;
				CLANG_WARN_OBJC_IMPLICIT_RETAIN_SELF = YES;
				CLANG_WARN_OBJC_LITERAL_CONVERSION = YES;
				CLANG_WARN_OBJC_ROOT_CLASS = YES_ERROR;
				CLANG_WARN_RANGE_LOOP_ANALYSIS = YES;
				CLANG_WARN_STRICT_PROTOTYPES = YES;
				CLANG_WARN_SUSPICIOUS_MOVE = YES;
				CLANG_WARN_UNGUARDED_AVAILABILITY = YES_AGGRESSIVE;
				CLANG_WARN_UNREACHABLE_CODE = YES;
				CLANG_WARN__DUPLICATE_METHOD_MATCH = YES;
				COPY_PHASE_STRIP = NO;
				DEBUG_INFORMATION_FORMAT = "dwarf-with-dsym";
				ENABLE_NS_ASSERTIONS = NO;
				ENABLE_STRICT_OBJC_MSGSEND = YES;
				GCC_C_LANGUAGE_STANDARD = gnu11;
				GCC_NO_COMMON_BLOCKS = YES;
				GCC_WARN_64_TO_32_BIT_CONVERSION = YES;
				GCC_WARN_ABOUT_RETURN_TYPE = YES_ERROR;
				GCC_WARN_UNDECLARED_SELECTOR = YES;
				GCC_WARN_UNINITIALIZED_AUTOS = YES_AGGRESSIVE;
				GCC_WARN_UNUSED_FUNCTION = YES;
				GCC_WARN_UNUSED_VARIABLE = YES;
				IPHONEOS_DEPLOYMENT_TARGET = 13.4;
				MTL_ENABLE_DEBUG_INFO = NO;
				MTL_FAST_MATH = YES;
				SDKROOT = iphoneos;
				SWIFT_COMPILATION_MODE = wholemodule;
				SWIFT_OPTIMIZATION_LEVEL = "-O";
				VALIDATE_PRODUCT = YES;
			};
			name = Release;
		};
		796BD57F249A8D7E004023D6 /* Debug */ = {
			isa = XCBuildConfiguration;
			buildSettings = {
				ASSETCATALOG_COMPILER_APPICON_NAME = AppIcon;
				CODE_SIGN_STYLE = Automatic;
				DEVELOPMENT_ASSET_PATHS = "\"BetterRest/Preview Content\"";
				DEVELOPMENT_TEAM = 483776HNJ4;
				ENABLE_PREVIEWS = YES;
				INFOPLIST_FILE = BetterRest/Info.plist;
				LD_RUNPATH_SEARCH_PATHS = (
					"$(inherited)",
					"@executable_path/Frameworks",
				);
				PRODUCT_BUNDLE_IDENTIFIER = io.dperry.BetterRest;
				PRODUCT_NAME = "$(TARGET_NAME)";
				SWIFT_VERSION = 5.0;
				TARGETED_DEVICE_FAMILY = "1,2";
			};
			name = Debug;
		};
		796BD580249A8D7E004023D6 /* Release */ = {
			isa = XCBuildConfiguration;
			buildSettings = {
				ASSETCATALOG_COMPILER_APPICON_NAME = AppIcon;
				CODE_SIGN_STYLE = Automatic;
				DEVELOPMENT_ASSET_PATHS = "\"BetterRest/Preview Content\"";
				DEVELOPMENT_TEAM = 483776HNJ4;
				ENABLE_PREVIEWS = YES;
				INFOPLIST_FILE = BetterRest/Info.plist;
				LD_RUNPATH_SEARCH_PATHS = (
					"$(inherited)",
					"@executable_path/Frameworks",
				);
				PRODUCT_BUNDLE_IDENTIFIER = io.dperry.BetterRest;
				PRODUCT_NAME = "$(TARGET_NAME)";
				SWIFT_VERSION = 5.0;
				TARGETED_DEVICE_FAMILY = "1,2";
			};
			name = Release;
		};
/* End XCBuildConfiguration section */

/* Begin XCConfigurationList section */
		796BD565249A8D7B004023D6 /* Build configuration list for PBXProject "BetterRest" */ = {
			isa = XCConfigurationList;
			buildConfigurations = (
				796BD57C249A8D7E004023D6 /* Debug */,
				796BD57D249A8D7E004023D6 /* Release */,
			);
			defaultConfigurationIsVisible = 0;
			defaultConfigurationName = Release;
		};
		796BD57E249A8D7E004023D6 /* Build configuration list for PBXNativeTarget "BetterRest" */ = {
			isa = XCConfigurationList;
			buildConfigurations = (
				796BD57F249A8D7E004023D6 /* Debug */,
				796BD580249A8D7E004023D6 /* Release */,
			);
			defaultConfigurationIsVisible = 0;
			defaultConfigurationName = Release;
		};
/* End XCConfigurationList section */
	};
	rootObject = 796BD562249A8D7B004023D6 /* Project object */;
}
