// !$*UTF8*$!
{
	archiveVersion = 1;
	classes = {
	};
	objectVersion = 50;
	objects = {

/* Begin PBXBuildFile section */
		792C938624E07963003CBD73 /* AppDelegate.swift in Sources */ = {isa = PBXBuildFile; fileRef = 792C938524E07963003CBD73 /* AppDelegate.swift */; };
		792C938824E07963003CBD73 /* SceneDelegate.swift in Sources */ = {isa = PBXBuildFile; fileRef = 792C938724E07963003CBD73 /* SceneDelegate.swift */; };
		792C938B24E07963003CBD73 /* Bookworm.xcdatamodeld in Sources */ = {isa = PBXBuildFile; fileRef = 792C938924E07963003CBD73 /* Bookworm.xcdatamodeld */; };
		792C938D24E07963003CBD73 /* ContentView.swift in Sources */ = {isa = PBXBuildFile; fileRef = 792C938C24E07963003CBD73 /* ContentView.swift */; };
		792C938F24E07963003CBD73 /* Assets.xcassets in Resources */ = {isa = PBXBuildFile; fileRef = 792C938E24E07963003CBD73 /* Assets.xcassets */; };
		792C939224E07963003CBD73 /* Preview Assets.xcassets in Resources */ = {isa = PBXBuildFile; fileRef = 792C939124E07963003CBD73 /* Preview Assets.xcassets */; };
		792C939524E07963003CBD73 /* LaunchScreen.storyboard in Resources */ = {isa = PBXBuildFile; fileRef = 792C939324E07963003CBD73 /* LaunchScreen.storyboard */; };
		792C93A024E07964003CBD73 /* BookwormTests.swift in Sources */ = {isa = PBXBuildFile; fileRef = 792C939F24E07964003CBD73 /* BookwormTests.swift */; };
		792C93AB24E07964003CBD73 /* BookwormUITests.swift in Sources */ = {isa = PBXBuildFile; fileRef = 792C93AA24E07964003CBD73 /* BookwormUITests.swift */; };
		792C93BF24E079F8003CBD73 /* ExampleView.swift in Sources */ = {isa = PBXBuildFile; fileRef = 792C93BE24E079F8003CBD73 /* ExampleView.swift */; };
		792C93C124E07A38003CBD73 /* BindingComponent.swift in Sources */ = {isa = PBXBuildFile; fileRef = 792C93C024E07A38003CBD73 /* BindingComponent.swift */; };
		792C93C324E07A99003CBD73 /* PushButton.swift in Sources */ = {isa = PBXBuildFile; fileRef = 792C93C224E07A99003CBD73 /* PushButton.swift */; };
		792C93C624E07F43003CBD73 /* SizeClassView.swift in Sources */ = {isa = PBXBuildFile; fileRef = 792C93C524E07F43003CBD73 /* SizeClassView.swift */; };
		792C93CC24E081AF003CBD73 /* CoreDataView.swift in Sources */ = {isa = PBXBuildFile; fileRef = 792C93CB24E081AF003CBD73 /* CoreDataView.swift */; };
		792C93D124E083FD003CBD73 /* Bookworm.swift in Sources */ = {isa = PBXBuildFile; fileRef = 792C93D024E083FD003CBD73 /* Bookworm.swift */; };
		792C93D324E08418003CBD73 /* AddBookView.swift in Sources */ = {isa = PBXBuildFile; fileRef = 792C93D224E08418003CBD73 /* AddBookView.swift */; };
		792C93D524E08690003CBD73 /* RatingView.swift in Sources */ = {isa = PBXBuildFile; fileRef = 792C93D424E08690003CBD73 /* RatingView.swift */; };
		792C93D724E08741003CBD73 /* EmojiRatingView.swift in Sources */ = {isa = PBXBuildFile; fileRef = 792C93D624E08741003CBD73 /* EmojiRatingView.swift */; };
		792C93D924E08801003CBD73 /* DetailView.swift in Sources */ = {isa = PBXBuildFile; fileRef = 792C93D824E08801003CBD73 /* DetailView.swift */; };
/* End PBXBuildFile section */

/* Begin PBXContainerItemProxy section */
		792C939C24E07964003CBD73 /* PBXContainerItemProxy */ = {
			isa = PBXContainerItemProxy;
			containerPortal = 792C937A24E07963003CBD73 /* Project object */;
			proxyType = 1;
			remoteGlobalIDString = 792C938124E07963003CBD73;
			remoteInfo = Bookworm;
		};
		792C93A724E07964003CBD73 /* PBXContainerItemProxy */ = {
			isa = PBXContainerItemProxy;
			containerPortal = 792C937A24E07963003CBD73 /* Project object */;
			proxyType = 1;
			remoteGlobalIDString = 792C938124E07963003CBD73;
			remoteInfo = Bookworm;
		};
/* End PBXContainerItemProxy section */

/* Begin PBXFileReference section */
		792C938224E07963003CBD73 /* Bookworm.app */ = {isa = PBXFileReference; explicitFileType = wrapper.application; includeInIndex = 0; path = Bookworm.app; sourceTree = BUILT_PRODUCTS_DIR; };
		792C938524E07963003CBD73 /* AppDelegate.swift */ = {isa = PBXFileReference; lastKnownFileType = sourcecode.swift; path = AppDelegate.swift; sourceTree = "<group>"; };
		792C938724E07963003CBD73 /* SceneDelegate.swift */ = {isa = PBXFileReference; lastKnownFileType = sourcecode.swift; path = SceneDelegate.swift; sourceTree = "<group>"; };
		792C938A24E07963003CBD73 /* Bookworm.xcdatamodel */ = {isa = PBXFileReference; lastKnownFileType = wrapper.xcdatamodel; path = Bookworm.xcdatamodel; sourceTree = "<group>"; };
		792C938C24E07963003CBD73 /* ContentView.swift */ = {isa = PBXFileReference; lastKnownFileType = sourcecode.swift; path = ContentView.swift; sourceTree = "<group>"; };
		792C938E24E07963003CBD73 /* Assets.xcassets */ = {isa = PBXFileReference; lastKnownFileType = folder.assetcatalog; path = Assets.xcassets; sourceTree = "<group>"; };
		792C939124E07963003CBD73 /* Preview Assets.xcassets */ = {isa = PBXFileReference; lastKnownFileType = folder.assetcatalog; path = "Preview Assets.xcassets"; sourceTree = "<group>"; };
		792C939424E07963003CBD73 /* Base */ = {isa = PBXFileReference; lastKnownFileType = file.storyboard; name = Base; path = Base.lproj/LaunchScreen.storyboard; sourceTree = "<group>"; };
		792C939624E07963003CBD73 /* Info.plist */ = {isa = PBXFileReference; lastKnownFileType = text.plist.xml; path = Info.plist; sourceTree = "<group>"; };
		792C939B24E07964003CBD73 /* BookwormTests.xctest */ = {isa = PBXFileReference; explicitFileType = wrapper.cfbundle; includeInIndex = 0; path = BookwormTests.xctest; sourceTree = BUILT_PRODUCTS_DIR; };
		792C939F24E07964003CBD73 /* BookwormTests.swift */ = {isa = PBXFileReference; lastKnownFileType = sourcecode.swift; path = BookwormTests.swift; sourceTree = "<group>"; };
		792C93A124E07964003CBD73 /* Info.plist */ = {isa = PBXFileReference; lastKnownFileType = text.plist.xml; path = Info.plist; sourceTree = "<group>"; };
		792C93A624E07964003CBD73 /* BookwormUITests.xctest */ = {isa = PBXFileReference; explicitFileType = wrapper.cfbundle; includeInIndex = 0; path = BookwormUITests.xctest; sourceTree = BUILT_PRODUCTS_DIR; };
		792C93AA24E07964003CBD73 /* BookwormUITests.swift */ = {isa = PBXFileReference; lastKnownFileType = sourcecode.swift; path = BookwormUITests.swift; sourceTree = "<group>"; };
		792C93AC24E07964003CBD73 /* Info.plist */ = {isa = PBXFileReference; lastKnownFileType = text.plist.xml; path = Info.plist; sourceTree = "<group>"; };
		792C93BE24E079F8003CBD73 /* ExampleView.swift */ = {isa = PBXFileReference; lastKnownFileType = sourcecode.swift; path = ExampleView.swift; sourceTree = "<group>"; };
		792C93C024E07A38003CBD73 /* BindingComponent.swift */ = {isa = PBXFileReference; lastKnownFileType = sourcecode.swift; path = BindingComponent.swift; sourceTree = "<group>"; };
		792C93C224E07A99003CBD73 /* PushButton.swift */ = {isa = PBXFileReference; lastKnownFileType = sourcecode.swift; path = PushButton.swift; sourceTree = "<group>"; };
		792C93C524E07F43003CBD73 /* SizeClassView.swift */ = {isa = PBXFileReference; lastKnownFileType = sourcecode.swift; path = SizeClassView.swift; sourceTree = "<group>"; };
		792C93CB24E081AF003CBD73 /* CoreDataView.swift */ = {isa = PBXFileReference; lastKnownFileType = sourcecode.swift; path = CoreDataView.swift; sourceTree = "<group>"; };
		792C93D024E083FD003CBD73 /* Bookworm.swift */ = {isa = PBXFileReference; lastKnownFileType = sourcecode.swift; path = Bookworm.swift; sourceTree = "<group>"; };
		792C93D224E08418003CBD73 /* AddBookView.swift */ = {isa = PBXFileReference; lastKnownFileType = sourcecode.swift; path = AddBookView.swift; sourceTree = "<group>"; };
		792C93D424E08690003CBD73 /* RatingView.swift */ = {isa = PBXFileReference; lastKnownFileType = sourcecode.swift; path = RatingView.swift; sourceTree = "<group>"; };
		792C93D624E08741003CBD73 /* EmojiRatingView.swift */ = {isa = PBXFileReference; lastKnownFileType = sourcecode.swift; path = EmojiRatingView.swift; sourceTree = "<group>"; };
		792C93D824E08801003CBD73 /* DetailView.swift */ = {isa = PBXFileReference; lastKnownFileType = sourcecode.swift; path = DetailView.swift; sourceTree = "<group>"; };
/* End PBXFileReference section */

/* Begin PBXFrameworksBuildPhase section */
		792C937F24E07963003CBD73 /* Frameworks */ = {
			isa = PBXFrameworksBuildPhase;
			buildActionMask = 2147483647;
			files = (
			);
			runOnlyForDeploymentPostprocessing = 0;
		};
		792C939824E07964003CBD73 /* Frameworks */ = {
			isa = PBXFrameworksBuildPhase;
			buildActionMask = 2147483647;
			files = (
			);
			runOnlyForDeploymentPostprocessing = 0;
		};
		792C93A324E07964003CBD73 /* Frameworks */ = {
			isa = PBXFrameworksBuildPhase;
			buildActionMask = 2147483647;
			files = (
			);
			runOnlyForDeploymentPostprocessing = 0;
		};
/* End PBXFrameworksBuildPhase section */

/* Begin PBXGroup section */
		792C937924E07963003CBD73 = {
			isa = PBXGroup;
			children = (
				792C938424E07963003CBD73 /* Bookworm */,
				792C939E24E07964003CBD73 /* BookwormTests */,
				792C93A924E07964003CBD73 /* BookwormUITests */,
				792C938324E07963003CBD73 /* Products */,
			);
			sourceTree = "<group>";
		};
		792C938324E07963003CBD73 /* Products */ = {
			isa = PBXGroup;
			children = (
				792C938224E07963003CBD73 /* Bookworm.app */,
				792C939B24E07964003CBD73 /* BookwormTests.xctest */,
				792C93A624E07964003CBD73 /* BookwormUITests.xctest */,
			);
			name = Products;
			sourceTree = "<group>";
		};
		792C938424E07963003CBD73 /* Bookworm */ = {
			isa = PBXGroup;
			children = (
				792C93CF24E083E8003CBD73 /* Views */,
				792C93BC24E079AB003CBD73 /* Examples */,
				792C93BA24E0799C003CBD73 /* Data */,
				792C93B824E0797A003CBD73 /* Supporting Files */,
				792C938C24E07963003CBD73 /* ContentView.swift */,
				792C938E24E07963003CBD73 /* Assets.xcassets */,
				792C939024E07963003CBD73 /* Preview Content */,
			);
			path = Bookworm;
			sourceTree = "<group>";
		};
		792C939024E07963003CBD73 /* Preview Content */ = {
			isa = PBXGroup;
			children = (
				792C939124E07963003CBD73 /* Preview Assets.xcassets */,
			);
			path = "Preview Content";
			sourceTree = "<group>";
		};
		792C939E24E07964003CBD73 /* BookwormTests */ = {
			isa = PBXGroup;
			children = (
				792C939F24E07964003CBD73 /* BookwormTests.swift */,
				792C93A124E07964003CBD73 /* Info.plist */,
			);
			path = BookwormTests;
			sourceTree = "<group>";
		};
		792C93A924E07964003CBD73 /* BookwormUITests */ = {
			isa = PBXGroup;
			children = (
				792C93AA24E07964003CBD73 /* BookwormUITests.swift */,
				792C93AC24E07964003CBD73 /* Info.plist */,
			);
			path = BookwormUITests;
			sourceTree = "<group>";
		};
		792C93B824E0797A003CBD73 /* Supporting Files */ = {
			isa = PBXGroup;
			children = (
				792C939624E07963003CBD73 /* Info.plist */,
				792C939324E07963003CBD73 /* LaunchScreen.storyboard */,
				792C938724E07963003CBD73 /* SceneDelegate.swift */,
				792C938524E07963003CBD73 /* AppDelegate.swift */,
			);
			name = "Supporting Files";
			sourceTree = "<group>";
		};
		792C93BA24E0799C003CBD73 /* Data */ = {
			isa = PBXGroup;
			children = (
				792C938924E07963003CBD73 /* Bookworm.xcdatamodeld */,
			);
			name = Data;
			sourceTree = "<group>";
		};
		792C93BC24E079AB003CBD73 /* Examples */ = {
			isa = PBXGroup;
			children = (
				792C93C724E08185003CBD73 /* CoreData */,
				792C93C424E07F33003CBD73 /* SizeClass */,
				792C93BD24E079E0003CBD73 /* BindingComponent */,
				792C93BE24E079F8003CBD73 /* ExampleView.swift */,
			);
			name = Examples;
			sourceTree = "<group>";
		};
		792C93BD24E079E0003CBD73 /* BindingComponent */ = {
			isa = PBXGroup;
			children = (
				792C93C024E07A38003CBD73 /* BindingComponent.swift */,
				792C93C224E07A99003CBD73 /* PushButton.swift */,
			);
			name = BindingComponent;
			sourceTree = "<group>";
		};
		792C93C424E07F33003CBD73 /* SizeClass */ = {
			isa = PBXGroup;
			children = (
				792C93C524E07F43003CBD73 /* SizeClassView.swift */,
			);
			name = SizeClass;
			sourceTree = "<group>";
		};
		792C93C724E08185003CBD73 /* CoreData */ = {
			isa = PBXGroup;
			children = (
				792C93CB24E081AF003CBD73 /* CoreDataView.swift */,
			);
			name = CoreData;
			sourceTree = "<group>";
		};
		792C93CF24E083E8003CBD73 /* Views */ = {
			isa = PBXGroup;
			children = (
				792C93D024E083FD003CBD73 /* Bookworm.swift */,
				792C93D224E08418003CBD73 /* AddBookView.swift */,
				792C93D424E08690003CBD73 /* RatingView.swift */,
				792C93D624E08741003CBD73 /* EmojiRatingView.swift */,
				792C93D824E08801003CBD73 /* DetailView.swift */,
			);
			name = Views;
			sourceTree = "<group>";
		};
/* End PBXGroup section */

/* Begin PBXNativeTarget section */
		792C938124E07963003CBD73 /* Bookworm */ = {
			isa = PBXNativeTarget;
			buildConfigurationList = 792C93AF24E07964003CBD73 /* Build configuration list for PBXNativeTarget "Bookworm" */;
			buildPhases = (
				792C937E24E07963003CBD73 /* Sources */,
				792C937F24E07963003CBD73 /* Frameworks */,
				792C938024E07963003CBD73 /* Resources */,
			);
			buildRules = (
			);
			dependencies = (
			);
			name = Bookworm;
			productName = Bookworm;
			productReference = 792C938224E07963003CBD73 /* Bookworm.app */;
			productType = "com.apple.product-type.application";
		};
		792C939A24E07964003CBD73 /* BookwormTests */ = {
			isa = PBXNativeTarget;
			buildConfigurationList = 792C93B224E07964003CBD73 /* Build configuration list for PBXNativeTarget "BookwormTests" */;
			buildPhases = (
				792C939724E07964003CBD73 /* Sources */,
				792C939824E07964003CBD73 /* Frameworks */,
				792C939924E07964003CBD73 /* Resources */,
			);
			buildRules = (
			);
			dependencies = (
				792C939D24E07964003CBD73 /* PBXTargetDependency */,
			);
			name = BookwormTests;
			productName = BookwormTests;
			productReference = 792C939B24E07964003CBD73 /* BookwormTests.xctest */;
			productType = "com.apple.product-type.bundle.unit-test";
		};
		792C93A524E07964003CBD73 /* BookwormUITests */ = {
			isa = PBXNativeTarget;
			buildConfigurationList = 792C93B524E07964003CBD73 /* Build configuration list for PBXNativeTarget "BookwormUITests" */;
			buildPhases = (
				792C93A224E07964003CBD73 /* Sources */,
				792C93A324E07964003CBD73 /* Frameworks */,
				792C93A424E07964003CBD73 /* Resources */,
			);
			buildRules = (
			);
			dependencies = (
				792C93A824E07964003CBD73 /* PBXTargetDependency */,
			);
			name = BookwormUITests;
			productName = BookwormUITests;
			productReference = 792C93A624E07964003CBD73 /* BookwormUITests.xctest */;
			productType = "com.apple.product-type.bundle.ui-testing";
		};
/* End PBXNativeTarget section */

/* Begin PBXProject section */
		792C937A24E07963003CBD73 /* Project object */ = {
			isa = PBXProject;
			attributes = {
				LastSwiftUpdateCheck = 1200;
				LastUpgradeCheck = 1200;
				TargetAttributes = {
					792C938124E07963003CBD73 = {
						CreatedOnToolsVersion = 12.0;
					};
					792C939A24E07964003CBD73 = {
						CreatedOnToolsVersion = 12.0;
						TestTargetID = 792C938124E07963003CBD73;
					};
					792C93A524E07964003CBD73 = {
						CreatedOnToolsVersion = 12.0;
						TestTargetID = 792C938124E07963003CBD73;
					};
				};
			};
			buildConfigurationList = 792C937D24E07963003CBD73 /* Build configuration list for PBXProject "Bookworm" */;
			compatibilityVersion = "Xcode 9.3";
			developmentRegion = en;
			hasScannedForEncodings = 0;
			knownRegions = (
				en,
				Base,
			);
			mainGroup = 792C937924E07963003CBD73;
			productRefGroup = 792C938324E07963003CBD73 /* Products */;
			projectDirPath = "";
			projectRoot = "";
			targets = (
				792C938124E07963003CBD73 /* Bookworm */,
				792C939A24E07964003CBD73 /* BookwormTests */,
				792C93A524E07964003CBD73 /* BookwormUITests */,
			);
		};
/* End PBXProject section */

/* Begin PBXResourcesBuildPhase section */
		792C938024E07963003CBD73 /* Resources */ = {
			isa = PBXResourcesBuildPhase;
			buildActionMask = 2147483647;
			files = (
				792C939524E07963003CBD73 /* LaunchScreen.storyboard in Resources */,
				792C939224E07963003CBD73 /* Preview Assets.xcassets in Resources */,
				792C938F24E07963003CBD73 /* Assets.xcassets in Resources */,
			);
			runOnlyForDeploymentPostprocessing = 0;
		};
		792C939924E07964003CBD73 /* Resources */ = {
			isa = PBXResourcesBuildPhase;
			buildActionMask = 2147483647;
			files = (
			);
			runOnlyForDeploymentPostprocessing = 0;
		};
		792C93A424E07964003CBD73 /* Resources */ = {
			isa = PBXResourcesBuildPhase;
			buildActionMask = 2147483647;
			files = (
			);
			runOnlyForDeploymentPostprocessing = 0;
		};
/* End PBXResourcesBuildPhase section */

/* Begin PBXSourcesBuildPhase section */
		792C937E24E07963003CBD73 /* Sources */ = {
			isa = PBXSourcesBuildPhase;
			buildActionMask = 2147483647;
			files = (
				792C93C324E07A99003CBD73 /* PushButton.swift in Sources */,
				792C93D124E083FD003CBD73 /* Bookworm.swift in Sources */,
				792C938624E07963003CBD73 /* AppDelegate.swift in Sources */,
				792C93D924E08801003CBD73 /* DetailView.swift in Sources */,
				792C93D524E08690003CBD73 /* RatingView.swift in Sources */,
				792C93D724E08741003CBD73 /* EmojiRatingView.swift in Sources */,
				792C93C624E07F43003CBD73 /* SizeClassView.swift in Sources */,
				792C93C124E07A38003CBD73 /* BindingComponent.swift in Sources */,
				792C938B24E07963003CBD73 /* Bookworm.xcdatamodeld in Sources */,
				792C93CC24E081AF003CBD73 /* CoreDataView.swift in Sources */,
				792C93D324E08418003CBD73 /* AddBookView.swift in Sources */,
				792C938D24E07963003CBD73 /* ContentView.swift in Sources */,
				792C938824E07963003CBD73 /* SceneDelegate.swift in Sources */,
				792C93BF24E079F8003CBD73 /* ExampleView.swift in Sources */,
			);
			runOnlyForDeploymentPostprocessing = 0;
		};
		792C939724E07964003CBD73 /* Sources */ = {
			isa = PBXSourcesBuildPhase;
			buildActionMask = 2147483647;
			files = (
				792C93A024E07964003CBD73 /* BookwormTests.swift in Sources */,
			);
			runOnlyForDeploymentPostprocessing = 0;
		};
		792C93A224E07964003CBD73 /* Sources */ = {
			isa = PBXSourcesBuildPhase;
			buildActionMask = 2147483647;
			files = (
				792C93AB24E07964003CBD73 /* BookwormUITests.swift in Sources */,
			);
			runOnlyForDeploymentPostprocessing = 0;
		};
/* End PBXSourcesBuildPhase section */

/* Begin PBXTargetDependency section */
		792C939D24E07964003CBD73 /* PBXTargetDependency */ = {
			isa = PBXTargetDependency;
			target = 792C938124E07963003CBD73 /* Bookworm */;
			targetProxy = 792C939C24E07964003CBD73 /* PBXContainerItemProxy */;
		};
		792C93A824E07964003CBD73 /* PBXTargetDependency */ = {
			isa = PBXTargetDependency;
			target = 792C938124E07963003CBD73 /* Bookworm */;
			targetProxy = 792C93A724E07964003CBD73 /* PBXContainerItemProxy */;
		};
/* End PBXTargetDependency section */

/* Begin PBXVariantGroup section */
		792C939324E07963003CBD73 /* LaunchScreen.storyboard */ = {
			isa = PBXVariantGroup;
			children = (
				792C939424E07963003CBD73 /* Base */,
			);
			name = LaunchScreen.storyboard;
			sourceTree = "<group>";
		};
/* End PBXVariantGroup section */

/* Begin XCBuildConfiguration section */
		792C93AD24E07964003CBD73 /* Debug */ = {
			isa = XCBuildConfiguration;
			buildSettings = {
				ALWAYS_SEARCH_USER_PATHS = NO;
				CLANG_ANALYZER_NONNULL = YES;
				CLANG_ANALYZER_NUMBER_OBJECT_CONVERSION = YES_AGGRESSIVE;
				CLANG_CXX_LANGUAGE_STANDARD = "gnu++14";
				CLANG_CXX_LIBRARY = "libc++";
				CLANG_ENABLE_MODULES = YES;
				CLANG_ENABLE_OBJC_ARC = YES;
				CLANG_ENABLE_OBJC_WEAK = YES;
				CLANG_WARN_BLOCK_CAPTURE_AUTORELEASING = YES;
				CLANG_WARN_BOOL_CONVERSION = YES;
				CLANG_WARN_COMMA = YES;
				CLANG_WARN_CONSTANT_CONVERSION = YES;
				CLANG_WARN_DEPRECATED_OBJC_IMPLEMENTATIONS = YES;
				CLANG_WARN_DIRECT_OBJC_ISA_USAGE = YES_ERROR;
				CLANG_WARN_DOCUMENTATION_COMMENTS = YES;
				CLANG_WARN_EMPTY_BODY = YES;
				CLANG_WARN_ENUM_CONVERSION = YES;
				CLANG_WARN_INFINITE_RECURSION = YES;
				CLANG_WARN_INT_CONVERSION = YES;
				CLANG_WARN_NON_LITERAL_NULL_CONVERSION = YES;
				CLANG_WARN_OBJC_IMPLICIT_RETAIN_SELF = YES;
				CLANG_WARN_OBJC_LITERAL_CONVERSION = YES;
				CLANG_WARN_OBJC_ROOT_CLASS = YES_ERROR;
				CLANG_WARN_QUOTED_INCLUDE_IN_FRAMEWORK_HEADER = YES;
				CLANG_WARN_RANGE_LOOP_ANALYSIS = YES;
				CLANG_WARN_STRICT_PROTOTYPES = YES;
				CLANG_WARN_SUSPICIOUS_MOVE = YES;
				CLANG_WARN_UNGUARDED_AVAILABILITY = YES_AGGRESSIVE;
				CLANG_WARN_UNREACHABLE_CODE = YES;
				CLANG_WARN__DUPLICATE_METHOD_MATCH = YES;
				COPY_PHASE_STRIP = NO;
				DEBUG_INFORMATION_FORMAT = dwarf;
				ENABLE_STRICT_OBJC_MSGSEND = YES;
				ENABLE_TESTABILITY = YES;
				GCC_C_LANGUAGE_STANDARD = gnu11;
				GCC_DYNAMIC_NO_PIC = NO;
				GCC_NO_COMMON_BLOCKS = YES;
				GCC_OPTIMIZATION_LEVEL = 0;
				GCC_PREPROCESSOR_DEFINITIONS = (
					"DEBUG=1",
					"$(inherited)",
				);
				GCC_WARN_64_TO_32_BIT_CONVERSION = YES;
				GCC_WARN_ABOUT_RETURN_TYPE = YES_ERROR;
				GCC_WARN_UNDECLARED_SELECTOR = YES;
				GCC_WARN_UNINITIALIZED_AUTOS = YES_AGGRESSIVE;
				GCC_WARN_UNUSED_FUNCTION = YES;
				GCC_WARN_UNUSED_VARIABLE = YES;
				IPHONEOS_DEPLOYMENT_TARGET = 14.0;
				MTL_ENABLE_DEBUG_INFO = INCLUDE_SOURCE;
				MTL_FAST_MATH = YES;
				ONLY_ACTIVE_ARCH = YES;
				SDKROOT = iphoneos;
				SWIFT_ACTIVE_COMPILATION_CONDITIONS = DEBUG;
				SWIFT_OPTIMIZATION_LEVEL = "-Onone";
			};
			name = Debug;
		};
		792C93AE24E07964003CBD73 /* Release */ = {
			isa = XCBuildConfiguration;
			buildSettings = {
				ALWAYS_SEARCH_USER_PATHS = NO;
				CLANG_ANALYZER_NONNULL = YES;
				CLANG_ANALYZER_NUMBER_OBJECT_CONVERSION = YES_AGGRESSIVE;
				CLANG_CXX_LANGUAGE_STANDARD = "gnu++14";
				CLANG_CXX_LIBRARY = "libc++";
				CLANG_ENABLE_MODULES = YES;
				CLANG_ENABLE_OBJC_ARC = YES;
				CLANG_ENABLE_OBJC_WEAK = YES;
				CLANG_WARN_BLOCK_CAPTURE_AUTORELEASING = YES;
				CLANG_WARN_BOOL_CONVERSION = YES;
				CLANG_WARN_COMMA = YES;
				CLANG_WARN_CONSTANT_CONVERSION = YES;
				CLANG_WARN_DEPRECATED_OBJC_IMPLEMENTATIONS = YES;
				CLANG_WARN_DIRECT_OBJC_ISA_USAGE = YES_ERROR;
				CLANG_WARN_DOCUMENTATION_COMMENTS = YES;
				CLANG_WARN_EMPTY_BODY = YES;
				CLANG_WARN_ENUM_CONVERSION = YES;
				CLANG_WARN_INFINITE_RECURSION = YES;
				CLANG_WARN_INT_CONVERSION = YES;
				CLANG_WARN_NON_LITERAL_NULL_CONVERSION = YES;
				CLANG_WARN_OBJC_IMPLICIT_RETAIN_SELF = YES;
				CLANG_WARN_OBJC_LITERAL_CONVERSION = YES;
				CLANG_WARN_OBJC_ROOT_CLASS = YES_ERROR;
				CLANG_WARN_QUOTED_INCLUDE_IN_FRAMEWORK_HEADER = YES;
				CLANG_WARN_RANGE_LOOP_ANALYSIS = YES;
				CLANG_WARN_STRICT_PROTOTYPES = YES;
				CLANG_WARN_SUSPICIOUS_MOVE = YES;
				CLANG_WARN_UNGUARDED_AVAILABILITY = YES_AGGRESSIVE;
				CLANG_WARN_UNREACHABLE_CODE = YES;
				CLANG_WARN__DUPLICATE_METHOD_MATCH = YES;
				COPY_PHASE_STRIP = NO;
				DEBUG_INFORMATION_FORMAT = "dwarf-with-dsym";
				ENABLE_NS_ASSERTIONS = NO;
				ENABLE_STRICT_OBJC_MSGSEND = YES;
				GCC_C_LANGUAGE_STANDARD = gnu11;
				GCC_NO_COMMON_BLOCKS = YES;
				GCC_WARN_64_TO_32_BIT_CONVERSION = YES;
				GCC_WARN_ABOUT_RETURN_TYPE = YES_ERROR;
				GCC_WARN_UNDECLARED_SELECTOR = YES;
				GCC_WARN_UNINITIALIZED_AUTOS = YES_AGGRESSIVE;
				GCC_WARN_UNUSED_FUNCTION = YES;
				GCC_WARN_UNUSED_VARIABLE = YES;
				IPHONEOS_DEPLOYMENT_TARGET = 14.0;
				MTL_ENABLE_DEBUG_INFO = NO;
				MTL_FAST_MATH = YES;
				SDKROOT = iphoneos;
				SWIFT_COMPILATION_MODE = wholemodule;
				SWIFT_OPTIMIZATION_LEVEL = "-O";
				VALIDATE_PRODUCT = YES;
			};
			name = Release;
		};
		792C93B024E07964003CBD73 /* Debug */ = {
			isa = XCBuildConfiguration;
			buildSettings = {
				ASSETCATALOG_COMPILER_APPICON_NAME = AppIcon;
				ASSETCATALOG_COMPILER_GLOBAL_ACCENT_COLOR_NAME = AccentColor;
				CODE_SIGN_STYLE = Automatic;
				DEVELOPMENT_ASSET_PATHS = "\"Bookworm/Preview Content\"";
				ENABLE_PREVIEWS = YES;
				INFOPLIST_FILE = Bookworm/Info.plist;
				LD_RUNPATH_SEARCH_PATHS = (
					"$(inherited)",
					"@executable_path/Frameworks",
				);
				PRODUCT_BUNDLE_IDENTIFIER = io.dperry.Bookworm;
				PRODUCT_NAME = "$(TARGET_NAME)";
				SWIFT_VERSION = 5.0;
				TARGETED_DEVICE_FAMILY = "1,2";
			};
			name = Debug;
		};
		792C93B124E07964003CBD73 /* Release */ = {
			isa = XCBuildConfiguration;
			buildSettings = {
				ASSETCATALOG_COMPILER_APPICON_NAME = AppIcon;
				ASSETCATALOG_COMPILER_GLOBAL_ACCENT_COLOR_NAME = AccentColor;
				CODE_SIGN_STYLE = Automatic;
				DEVELOPMENT_ASSET_PATHS = "\"Bookworm/Preview Content\"";
				ENABLE_PREVIEWS = YES;
				INFOPLIST_FILE = Bookworm/Info.plist;
				LD_RUNPATH_SEARCH_PATHS = (
					"$(inherited)",
					"@executable_path/Frameworks",
				);
				PRODUCT_BUNDLE_IDENTIFIER = io.dperry.Bookworm;
				PRODUCT_NAME = "$(TARGET_NAME)";
				SWIFT_VERSION = 5.0;
				TARGETED_DEVICE_FAMILY = "1,2";
			};
			name = Release;
		};
		792C93B324E07964003CBD73 /* Debug */ = {
			isa = XCBuildConfiguration;
			buildSettings = {
				ALWAYS_EMBED_SWIFT_STANDARD_LIBRARIES = YES;
				BUNDLE_LOADER = "$(TEST_HOST)";
				CODE_SIGN_STYLE = Automatic;
				INFOPLIST_FILE = BookwormTests/Info.plist;
				IPHONEOS_DEPLOYMENT_TARGET = 14.0;
				LD_RUNPATH_SEARCH_PATHS = (
					"$(inherited)",
					"@executable_path/Frameworks",
					"@loader_path/Frameworks",
				);
				PRODUCT_BUNDLE_IDENTIFIER = io.dperry.BookwormTests;
				PRODUCT_NAME = "$(TARGET_NAME)";
				SWIFT_VERSION = 5.0;
				TARGETED_DEVICE_FAMILY = "1,2";
				TEST_HOST = "$(BUILT_PRODUCTS_DIR)/Bookworm.app/Bookworm";
			};
			name = Debug;
		};
		792C93B424E07964003CBD73 /* Release */ = {
			isa = XCBuildConfiguration;
			buildSettings = {
				ALWAYS_EMBED_SWIFT_STANDARD_LIBRARIES = YES;
				BUNDLE_LOADER = "$(TEST_HOST)";
				CODE_SIGN_STYLE = Automatic;
				INFOPLIST_FILE = BookwormTests/Info.plist;
				IPHONEOS_DEPLOYMENT_TARGET = 14.0;
				LD_RUNPATH_SEARCH_PATHS = (
					"$(inherited)",
					"@executable_path/Frameworks",
					"@loader_path/Frameworks",
				);
				PRODUCT_BUNDLE_IDENTIFIER = io.dperry.BookwormTests;
				PRODUCT_NAME = "$(TARGET_NAME)";
				SWIFT_VERSION = 5.0;
				TARGETED_DEVICE_FAMILY = "1,2";
				TEST_HOST = "$(BUILT_PRODUCTS_DIR)/Bookworm.app/Bookworm";
			};
			name = Release;
		};
		792C93B624E07964003CBD73 /* Debug */ = {
			isa = XCBuildConfiguration;
			buildSettings = {
				ALWAYS_EMBED_SWIFT_STANDARD_LIBRARIES = YES;
				CODE_SIGN_STYLE = Automatic;
				INFOPLIST_FILE = BookwormUITests/Info.plist;
				LD_RUNPATH_SEARCH_PATHS = (
					"$(inherited)",
					"@executable_path/Frameworks",
					"@loader_path/Frameworks",
				);
				PRODUCT_BUNDLE_IDENTIFIER = io.dperry.BookwormUITests;
				PRODUCT_NAME = "$(TARGET_NAME)";
				SWIFT_VERSION = 5.0;
				TARGETED_DEVICE_FAMILY = "1,2";
				TEST_TARGET_NAME = Bookworm;
			};
			name = Debug;
		};
		792C93B724E07964003CBD73 /* Release */ = {
			isa = XCBuildConfiguration;
			buildSettings = {
				ALWAYS_EMBED_SWIFT_STANDARD_LIBRARIES = YES;
				CODE_SIGN_STYLE = Automatic;
				INFOPLIST_FILE = BookwormUITests/Info.plist;
				LD_RUNPATH_SEARCH_PATHS = (
					"$(inherited)",
					"@executable_path/Frameworks",
					"@loader_path/Frameworks",
				);
				PRODUCT_BUNDLE_IDENTIFIER = io.dperry.BookwormUITests;
				PRODUCT_NAME = "$(TARGET_NAME)";
				SWIFT_VERSION = 5.0;
				TARGETED_DEVICE_FAMILY = "1,2";
				TEST_TARGET_NAME = Bookworm;
			};
			name = Release;
		};
/* End XCBuildConfiguration section */

/* Begin XCConfigurationList section */
		792C937D24E07963003CBD73 /* Build configuration list for PBXProject "Bookworm" */ = {
			isa = XCConfigurationList;
			buildConfigurations = (
				792C93AD24E07964003CBD73 /* Debug */,
				792C93AE24E07964003CBD73 /* Release */,
			);
			defaultConfigurationIsVisible = 0;
			defaultConfigurationName = Release;
		};
		792C93AF24E07964003CBD73 /* Build configuration list for PBXNativeTarget "Bookworm" */ = {
			isa = XCConfigurationList;
			buildConfigurations = (
				792C93B024E07964003CBD73 /* Debug */,
				792C93B124E07964003CBD73 /* Release */,
			);
			defaultConfigurationIsVisible = 0;
			defaultConfigurationName = Release;
		};
		792C93B224E07964003CBD73 /* Build configuration list for PBXNativeTarget "BookwormTests" */ = {
			isa = XCConfigurationList;
			buildConfigurations = (
				792C93B324E07964003CBD73 /* Debug */,
				792C93B424E07964003CBD73 /* Release */,
			);
			defaultConfigurationIsVisible = 0;
			defaultConfigurationName = Release;
		};
		792C93B524E07964003CBD73 /* Build configuration list for PBXNativeTarget "BookwormUITests" */ = {
			isa = XCConfigurationList;
			buildConfigurations = (
				792C93B624E07964003CBD73 /* Debug */,
				792C93B724E07964003CBD73 /* Release */,
			);
			defaultConfigurationIsVisible = 0;
			defaultConfigurationName = Release;
		};
/* End XCConfigurationList section */

/* Begin XCVersionGroup section */
		792C938924E07963003CBD73 /* Bookworm.xcdatamodeld */ = {
			isa = XCVersionGroup;
			children = (
				792C938A24E07963003CBD73 /* Bookworm.xcdatamodel */,
			);
			currentVersion = 792C938A24E07963003CBD73 /* Bookworm.xcdatamodel */;
			path = Bookworm.xcdatamodeld;
			sourceTree = "<group>";
			versionGroupType = wrapper.xcdatamodel;
		};
/* End XCVersionGroup section */
	};
	rootObject = 792C937A24E07963003CBD73 /* Project object */;
}
